// !$*UTF8*$!
{
	archiveVersion = 1;
	classes = {
	};
	objectVersion = 56;
	objects = {

/* Begin PBXBuildFile section */
		AB00AE9129E0A8E90091085D /* tempRoomStruct.swift in Sources */ = {isa = PBXBuildFile; fileRef = AB00AE9029E0A8E90091085D /* tempRoomStruct.swift */; };
		AB00AE9429E0A9410091085D /* UserDefaults.swift in Sources */ = {isa = PBXBuildFile; fileRef = AB00AE9329E0A9410091085D /* UserDefaults.swift */; };
		AB00AE9829E0ACF60091085D /* view3DRoomTemp.swift in Sources */ = {isa = PBXBuildFile; fileRef = AB00AE9729E0ACF60091085D /* view3DRoomTemp.swift */; };
		AB3A2CEA29C629C400B2717A /* GoogleService-Info.plist in Resources */ = {isa = PBXBuildFile; fileRef = AB3A2CE929C629C400B2717A /* GoogleService-Info.plist */; };
		AB3A2CED29C6380D00B2717A /* User.swift in Sources */ = {isa = PBXBuildFile; fileRef = AB3A2CEC29C6380D00B2717A /* User.swift */; };
		AB3A2CF129C6395400B2717A /* RegisterViewModel.swift in Sources */ = {isa = PBXBuildFile; fileRef = AB3A2CF029C6395400B2717A /* RegisterViewModel.swift */; };
		AB3A2CF329C64DD700B2717A /* Validator.swift in Sources */ = {isa = PBXBuildFile; fileRef = AB3A2CF229C64DD700B2717A /* Validator.swift */; };
		AB4CCA9D29E19D39007E3864 /* SCNNode+Helpers.swift in Sources */ = {isa = PBXBuildFile; fileRef = AB4CCA9C29E19D39007E3864 /* SCNNode+Helpers.swift */; };
		AB4CCA9F29E19D6E007E3864 /* DebugHelpers.swift in Sources */ = {isa = PBXBuildFile; fileRef = AB4CCA9E29E19D6E007E3864 /* DebugHelpers.swift */; };
		AB4CCAA229E1A60F007E3864 /* Entity.swift in Sources */ = {isa = PBXBuildFile; fileRef = AB4CCAA129E1A60F007E3864 /* Entity.swift */; };
		AB4CCAA529E1A6C7007E3864 /* MaterialNode.swift in Sources */ = {isa = PBXBuildFile; fileRef = AB4CCAA429E1A6C7007E3864 /* MaterialNode.swift */; };
		AB4CCAA829E1B3F6007E3864 /* Control.swift in Sources */ = {isa = PBXBuildFile; fileRef = AB4CCAA729E1B3F6007E3864 /* Control.swift */; };
		AB5FC6CC29DF6334005FDCA8 /* BuildMyRoom.swift in Sources */ = {isa = PBXBuildFile; fileRef = AB5FC6CB29DF6334005FDCA8 /* BuildMyRoom.swift */; };
		AB5FC6D229DF65C4005FDCA8 /* Themes.swift in Sources */ = {isa = PBXBuildFile; fileRef = AB5FC6D129DF65C4005FDCA8 /* Themes.swift */; };
		AB5FC6D429DF65DD005FDCA8 /* Samples.swift in Sources */ = {isa = PBXBuildFile; fileRef = AB5FC6D329DF65DD005FDCA8 /* Samples.swift */; };
		AB5FC6DD29DF78E7005FDCA8 /* defaultLightNode.swift in Sources */ = {isa = PBXBuildFile; fileRef = AB5FC6DC29DF78E7005FDCA8 /* defaultLightNode.swift */; };
		AB5FC6DF29DF79EF005FDCA8 /* SCNVector3+Extenstions.swift in Sources */ = {isa = PBXBuildFile; fileRef = AB5FC6DE29DF79EF005FDCA8 /* SCNVector3+Extenstions.swift */; };
		AB5FC6E229DF7CFB005FDCA8 /* View3DRoom.swift in Sources */ = {isa = PBXBuildFile; fileRef = AB5FC6E129DF7CFB005FDCA8 /* View3DRoom.swift */; };
		AB5FC6E529DF8C47005FDCA8 /* SceneRenderereDelegate.swift in Sources */ = {isa = PBXBuildFile; fileRef = AB5FC6E429DF8C47005FDCA8 /* SceneRenderereDelegate.swift */; };
		AB9B412929CC6805007C02AA /* AuthService.swift in Sources */ = {isa = PBXBuildFile; fileRef = AB9B412829CC6805007C02AA /* AuthService.swift */; };
		AB9B412B29CC7559007C02AA /* ForgetPassword.swift in Sources */ = {isa = PBXBuildFile; fileRef = AB9B412A29CC7559007C02AA /* ForgetPassword.swift */; };
		AB9B412D29CC7CED007C02AA /* ForgetPasswordViewModel.swift in Sources */ = {isa = PBXBuildFile; fileRef = AB9B412C29CC7CED007C02AA /* ForgetPasswordViewModel.swift */; };
		AB9B412F29CC84C8007C02AA /* ProfileViewModel.swift in Sources */ = {isa = PBXBuildFile; fileRef = AB9B412E29CC84C8007C02AA /* ProfileViewModel.swift */; };
		AB9B413129CC861C007C02AA /* Profile.swift in Sources */ = {isa = PBXBuildFile; fileRef = AB9B413029CC861C007C02AA /* Profile.swift */; };
		AB9B44C529DDC4B000A94157 /* RoomCaptureController.swift in Sources */ = {isa = PBXBuildFile; fileRef = AB9B44C429DDC4B000A94157 /* RoomCaptureController.swift */; };
		ABAE511629E2FBA600142BA8 /* ContactDelegate.swift in Sources */ = {isa = PBXBuildFile; fileRef = ABAE511529E2FBA600142BA8 /* ContactDelegate.swift */; };
		ABAEBA4429CCF85F00EB88E1 /* Home.swift in Sources */ = {isa = PBXBuildFile; fileRef = ABAEBA4329CCF85F00EB88E1 /* Home.swift */; };
		ABAEBA4629CD028700EB88E1 /* RoomPlaneApi.swift in Sources */ = {isa = PBXBuildFile; fileRef = ABAEBA4529CD028700EB88E1 /* RoomPlaneApi.swift */; };
		ABD54DCD29C49FE3000E7506 /* The_XY_DesignerApp.swift in Sources */ = {isa = PBXBuildFile; fileRef = ABD54DCC29C49FE3000E7506 /* The_XY_DesignerApp.swift */; };
		ABD54DCF29C49FE3000E7506 /* MainView.swift in Sources */ = {isa = PBXBuildFile; fileRef = ABD54DCE29C49FE3000E7506 /* MainView.swift */; };
		ABD54DD129C49FE4000E7506 /* Assets.xcassets in Resources */ = {isa = PBXBuildFile; fileRef = ABD54DD029C49FE4000E7506 /* Assets.xcassets */; };
		ABD54DD429C49FE4000E7506 /* Preview Assets.xcassets in Resources */ = {isa = PBXBuildFile; fileRef = ABD54DD329C49FE4000E7506 /* Preview Assets.xcassets */; };
		ABD54DDF29C4A1DC000E7506 /* CustomTabBar.swift in Sources */ = {isa = PBXBuildFile; fileRef = ABD54DDE29C4A1DC000E7506 /* CustomTabBar.swift */; };
		ABD54DE229C4BE02000E7506 /* Login.swift in Sources */ = {isa = PBXBuildFile; fileRef = ABD54DE129C4BE02000E7506 /* Login.swift */; };
		ABD54DE429C4BE10000E7506 /* Register.swift in Sources */ = {isa = PBXBuildFile; fileRef = ABD54DE329C4BE10000E7506 /* Register.swift */; };
		ABD54DE729C4C30C000E7506 /* FirebaseAuth in Frameworks */ = {isa = PBXBuildFile; productRef = ABD54DE629C4C30C000E7506 /* FirebaseAuth */; };
		ABD54DE929C4C30C000E7506 /* FirebaseFirestore in Frameworks */ = {isa = PBXBuildFile; productRef = ABD54DE829C4C30C000E7506 /* FirebaseFirestore */; };
		ABD54DEB29C4C30C000E7506 /* FirebaseFirestoreSwift in Frameworks */ = {isa = PBXBuildFile; productRef = ABD54DEA29C4C30C000E7506 /* FirebaseFirestoreSwift */; };
		ABD54DED29C4C30C000E7506 /* FirebaseStorage in Frameworks */ = {isa = PBXBuildFile; productRef = ABD54DEC29C4C30C000E7506 /* FirebaseStorage */; };
		ABD54DF029C4C439000E7506 /* GoogleSignIn in Frameworks */ = {isa = PBXBuildFile; productRef = ABD54DEF29C4C439000E7506 /* GoogleSignIn */; };
		ABD54DF229C4C439000E7506 /* GoogleSignInSwift in Frameworks */ = {isa = PBXBuildFile; productRef = ABD54DF129C4C439000E7506 /* GoogleSignInSwift */; };
		ABD54DF529C4CA17000E7506 /* CustomTextField.swift in Sources */ = {isa = PBXBuildFile; fileRef = ABD54DF429C4CA17000E7506 /* CustomTextField.swift */; };
		ABD54DF729C4CCA3000E7506 /* LoginViewModel.swift in Sources */ = {isa = PBXBuildFile; fileRef = ABD54DF629C4CCA3000E7506 /* LoginViewModel.swift */; };
		ABD54DF929C4D091000E7506 /* SecureTextField.swift in Sources */ = {isa = PBXBuildFile; fileRef = ABD54DF829C4D091000E7506 /* SecureTextField.swift */; };
		ABFC200229E4D54D003827CF /* ColorKit in Frameworks */ = {isa = PBXBuildFile; productRef = ABFC200129E4D54D003827CF /* ColorKit */; };
		ABFC200429E4DDFB003827CF /* UIColor.swift in Sources */ = {isa = PBXBuildFile; fileRef = ABFC200329E4DDFB003827CF /* UIColor.swift */; };
/* End PBXBuildFile section */

/* Begin PBXFileReference section */
		AB00AE9029E0A8E90091085D /* tempRoomStruct.swift */ = {isa = PBXFileReference; lastKnownFileType = sourcecode.swift; path = tempRoomStruct.swift; sourceTree = "<group>"; };
		AB00AE9329E0A9410091085D /* UserDefaults.swift */ = {isa = PBXFileReference; lastKnownFileType = sourcecode.swift; path = UserDefaults.swift; sourceTree = "<group>"; };
		AB00AE9729E0ACF60091085D /* view3DRoomTemp.swift */ = {isa = PBXFileReference; lastKnownFileType = sourcecode.swift; path = view3DRoomTemp.swift; sourceTree = "<group>"; };
		AB3A2CE929C629C400B2717A /* GoogleService-Info.plist */ = {isa = PBXFileReference; fileEncoding = 4; lastKnownFileType = text.plist.xml; path = "GoogleService-Info.plist"; sourceTree = "<group>"; };
		AB3A2CEB29C62C5F00B2717A /* The-XY-Designer-Info.plist */ = {isa = PBXFileReference; lastKnownFileType = text.plist; path = "The-XY-Designer-Info.plist"; sourceTree = SOURCE_ROOT; };
		AB3A2CEC29C6380D00B2717A /* User.swift */ = {isa = PBXFileReference; lastKnownFileType = sourcecode.swift; path = User.swift; sourceTree = "<group>"; };
		AB3A2CF029C6395400B2717A /* RegisterViewModel.swift */ = {isa = PBXFileReference; lastKnownFileType = sourcecode.swift; path = RegisterViewModel.swift; sourceTree = "<group>"; };
		AB3A2CF229C64DD700B2717A /* Validator.swift */ = {isa = PBXFileReference; lastKnownFileType = sourcecode.swift; path = Validator.swift; sourceTree = "<group>"; };
		AB4CCA9C29E19D39007E3864 /* SCNNode+Helpers.swift */ = {isa = PBXFileReference; lastKnownFileType = sourcecode.swift; path = "SCNNode+Helpers.swift"; sourceTree = "<group>"; };
		AB4CCA9E29E19D6E007E3864 /* DebugHelpers.swift */ = {isa = PBXFileReference; lastKnownFileType = sourcecode.swift; path = DebugHelpers.swift; sourceTree = "<group>"; };
		AB4CCAA129E1A60F007E3864 /* Entity.swift */ = {isa = PBXFileReference; lastKnownFileType = sourcecode.swift; path = Entity.swift; sourceTree = "<group>"; };
		AB4CCAA429E1A6C7007E3864 /* MaterialNode.swift */ = {isa = PBXFileReference; lastKnownFileType = sourcecode.swift; path = MaterialNode.swift; sourceTree = "<group>"; };
		AB4CCAA729E1B3F6007E3864 /* Control.swift */ = {isa = PBXFileReference; lastKnownFileType = sourcecode.swift; path = Control.swift; sourceTree = "<group>"; };
		AB5FC6CB29DF6334005FDCA8 /* BuildMyRoom.swift */ = {isa = PBXFileReference; lastKnownFileType = sourcecode.swift; path = BuildMyRoom.swift; sourceTree = "<group>"; };
		AB5FC6D129DF65C4005FDCA8 /* Themes.swift */ = {isa = PBXFileReference; lastKnownFileType = sourcecode.swift; path = Themes.swift; sourceTree = "<group>"; };
		AB5FC6D329DF65DD005FDCA8 /* Samples.swift */ = {isa = PBXFileReference; lastKnownFileType = sourcecode.swift; path = Samples.swift; sourceTree = "<group>"; };
		AB5FC6DC29DF78E7005FDCA8 /* defaultLightNode.swift */ = {isa = PBXFileReference; lastKnownFileType = sourcecode.swift; path = defaultLightNode.swift; sourceTree = "<group>"; };
		AB5FC6DE29DF79EF005FDCA8 /* SCNVector3+Extenstions.swift */ = {isa = PBXFileReference; lastKnownFileType = sourcecode.swift; path = "SCNVector3+Extenstions.swift"; sourceTree = "<group>"; };
		AB5FC6E129DF7CFB005FDCA8 /* View3DRoom.swift */ = {isa = PBXFileReference; lastKnownFileType = sourcecode.swift; path = View3DRoom.swift; sourceTree = "<group>"; };
		AB5FC6E429DF8C47005FDCA8 /* SceneRenderereDelegate.swift */ = {isa = PBXFileReference; lastKnownFileType = sourcecode.swift; path = SceneRenderereDelegate.swift; sourceTree = "<group>"; };
		AB9B412829CC6805007C02AA /* AuthService.swift */ = {isa = PBXFileReference; lastKnownFileType = sourcecode.swift; path = AuthService.swift; sourceTree = "<group>"; };
		AB9B412A29CC7559007C02AA /* ForgetPassword.swift */ = {isa = PBXFileReference; lastKnownFileType = sourcecode.swift; path = ForgetPassword.swift; sourceTree = "<group>"; };
		AB9B412C29CC7CED007C02AA /* ForgetPasswordViewModel.swift */ = {isa = PBXFileReference; lastKnownFileType = sourcecode.swift; path = ForgetPasswordViewModel.swift; sourceTree = "<group>"; };
		AB9B412E29CC84C8007C02AA /* ProfileViewModel.swift */ = {isa = PBXFileReference; lastKnownFileType = sourcecode.swift; path = ProfileViewModel.swift; sourceTree = "<group>"; };
		AB9B413029CC861C007C02AA /* Profile.swift */ = {isa = PBXFileReference; lastKnownFileType = sourcecode.swift; path = Profile.swift; sourceTree = "<group>"; };
		AB9B44C429DDC4B000A94157 /* RoomCaptureController.swift */ = {isa = PBXFileReference; lastKnownFileType = sourcecode.swift; path = RoomCaptureController.swift; sourceTree = "<group>"; };
		ABAE511529E2FBA600142BA8 /* ContactDelegate.swift */ = {isa = PBXFileReference; lastKnownFileType = sourcecode.swift; path = ContactDelegate.swift; sourceTree = "<group>"; };
		ABAEBA4329CCF85F00EB88E1 /* Home.swift */ = {isa = PBXFileReference; lastKnownFileType = sourcecode.swift; path = Home.swift; sourceTree = "<group>"; };
		ABAEBA4529CD028700EB88E1 /* RoomPlaneApi.swift */ = {isa = PBXFileReference; lastKnownFileType = sourcecode.swift; path = RoomPlaneApi.swift; sourceTree = "<group>"; };
		ABD54DC929C49FE3000E7506 /* The XY Designer.app */ = {isa = PBXFileReference; explicitFileType = wrapper.application; includeInIndex = 0; path = "The XY Designer.app"; sourceTree = BUILT_PRODUCTS_DIR; };
		ABD54DCC29C49FE3000E7506 /* The_XY_DesignerApp.swift */ = {isa = PBXFileReference; lastKnownFileType = sourcecode.swift; path = The_XY_DesignerApp.swift; sourceTree = "<group>"; };
		ABD54DCE29C49FE3000E7506 /* MainView.swift */ = {isa = PBXFileReference; lastKnownFileType = sourcecode.swift; path = MainView.swift; sourceTree = "<group>"; };
		ABD54DD029C49FE4000E7506 /* Assets.xcassets */ = {isa = PBXFileReference; lastKnownFileType = folder.assetcatalog; path = Assets.xcassets; sourceTree = "<group>"; };
		ABD54DD329C49FE4000E7506 /* Preview Assets.xcassets */ = {isa = PBXFileReference; lastKnownFileType = folder.assetcatalog; path = "Preview Assets.xcassets"; sourceTree = "<group>"; };
		ABD54DDE29C4A1DC000E7506 /* CustomTabBar.swift */ = {isa = PBXFileReference; lastKnownFileType = sourcecode.swift; path = CustomTabBar.swift; sourceTree = "<group>"; };
		ABD54DE129C4BE02000E7506 /* Login.swift */ = {isa = PBXFileReference; lastKnownFileType = sourcecode.swift; path = Login.swift; sourceTree = "<group>"; };
		ABD54DE329C4BE10000E7506 /* Register.swift */ = {isa = PBXFileReference; lastKnownFileType = sourcecode.swift; path = Register.swift; sourceTree = "<group>"; };
		ABD54DF429C4CA17000E7506 /* CustomTextField.swift */ = {isa = PBXFileReference; lastKnownFileType = sourcecode.swift; path = CustomTextField.swift; sourceTree = "<group>"; };
		ABD54DF629C4CCA3000E7506 /* LoginViewModel.swift */ = {isa = PBXFileReference; lastKnownFileType = sourcecode.swift; path = LoginViewModel.swift; sourceTree = "<group>"; };
		ABD54DF829C4D091000E7506 /* SecureTextField.swift */ = {isa = PBXFileReference; lastKnownFileType = sourcecode.swift; path = SecureTextField.swift; sourceTree = "<group>"; };
		ABFC200329E4DDFB003827CF /* UIColor.swift */ = {isa = PBXFileReference; lastKnownFileType = sourcecode.swift; path = UIColor.swift; sourceTree = "<group>"; };
/* End PBXFileReference section */

/* Begin PBXFrameworksBuildPhase section */
		ABD54DC629C49FE3000E7506 /* Frameworks */ = {
			isa = PBXFrameworksBuildPhase;
			buildActionMask = 2147483647;
			files = (
				ABD54DF029C4C439000E7506 /* GoogleSignIn in Frameworks */,
				ABD54DE729C4C30C000E7506 /* FirebaseAuth in Frameworks */,
				ABD54DED29C4C30C000E7506 /* FirebaseStorage in Frameworks */,
				ABD54DF229C4C439000E7506 /* GoogleSignInSwift in Frameworks */,
				ABD54DE929C4C30C000E7506 /* FirebaseFirestore in Frameworks */,
				ABFC200229E4D54D003827CF /* ColorKit in Frameworks */,
				ABD54DEB29C4C30C000E7506 /* FirebaseFirestoreSwift in Frameworks */,
			);
			runOnlyForDeploymentPostprocessing = 0;
		};
/* End PBXFrameworksBuildPhase section */

/* Begin PBXGroup section */
		AB00AE9229E0A92A0091085D /* Extenstions */ = {
			isa = PBXGroup;
			children = (
				AB00AE9329E0A9410091085D /* UserDefaults.swift */,
				ABFC200329E4DDFB003827CF /* UIColor.swift */,
			);
			path = Extenstions;
			sourceTree = "<group>";
		};
		AB4CCAA629E1B3E8007E3864 /* Control */ = {
			isa = PBXGroup;
			children = (
				AB4CCAA729E1B3F6007E3864 /* Control.swift */,
			);
			path = Control;
			sourceTree = "<group>";
		};
		AB5FC6C729DF6046005FDCA8 /* Authentication */ = {
			isa = PBXGroup;
			children = (
				AB9B412829CC6805007C02AA /* AuthService.swift */,
				ABD54DF629C4CCA3000E7506 /* LoginViewModel.swift */,
				AB3A2CF029C6395400B2717A /* RegisterViewModel.swift */,
				AB9B412E29CC84C8007C02AA /* ProfileViewModel.swift */,
				AB9B412C29CC7CED007C02AA /* ForgetPasswordViewModel.swift */,
			);
			path = Authentication;
			sourceTree = "<group>";
		};
		AB5FC6C829DF6074005FDCA8 /* RoomBuilder */ = {
			isa = PBXGroup;
			children = (
				AB5FC6CB29DF6334005FDCA8 /* BuildMyRoom.swift */,
			);
			path = RoomBuilder;
			sourceTree = "<group>";
		};
		AB5FC6D029DF65A7005FDCA8 /* Mocks */ = {
			isa = PBXGroup;
			children = (
				AB5FC6D129DF65C4005FDCA8 /* Themes.swift */,
				AB5FC6D329DF65DD005FDCA8 /* Samples.swift */,
			);
			path = Mocks;
			sourceTree = "<group>";
		};
		AB5FC6DB29DF78CA005FDCA8 /* Scene */ = {
			isa = PBXGroup;
			children = (
				AB4CCAA629E1B3E8007E3864 /* Control */,
				AB5FC6E329DF8C15005FDCA8 /* Hacks */,
				AB5FC6D029DF65A7005FDCA8 /* Mocks */,
				AB5FC6DC29DF78E7005FDCA8 /* defaultLightNode.swift */,
				AB5FC6DE29DF79EF005FDCA8 /* SCNVector3+Extenstions.swift */,
				AB4CCA9C29E19D39007E3864 /* SCNNode+Helpers.swift */,
				AB4CCA9E29E19D6E007E3864 /* DebugHelpers.swift */,
				AB4CCAA129E1A60F007E3864 /* Entity.swift */,
				AB4CCAA429E1A6C7007E3864 /* MaterialNode.swift */,
				ABAE511529E2FBA600142BA8 /* ContactDelegate.swift */,
			);
			path = Scene;
			sourceTree = "<group>";
		};
		AB5FC6E029DF7CAC005FDCA8 /* Room */ = {
			isa = PBXGroup;
			children = (
				ABAEBA4529CD028700EB88E1 /* RoomPlaneApi.swift */,
				AB5FC6E129DF7CFB005FDCA8 /* View3DRoom.swift */,
				AB00AE9729E0ACF60091085D /* view3DRoomTemp.swift */,
			);
			path = Room;
			sourceTree = "<group>";
		};
		AB5FC6E329DF8C15005FDCA8 /* Hacks */ = {
			isa = PBXGroup;
			children = (
				AB5FC6E429DF8C47005FDCA8 /* SceneRenderereDelegate.swift */,
			);
			path = Hacks;
			sourceTree = "<group>";
		};
		AB9B44C329DDC48E00A94157 /* UIViewController */ = {
			isa = PBXGroup;
			children = (
				AB9B44C429DDC4B000A94157 /* RoomCaptureController.swift */,
				AB00AE9029E0A8E90091085D /* tempRoomStruct.swift */,
			);
			path = UIViewController;
			sourceTree = "<group>";
		};
		ABD54DC029C49FE3000E7506 = {
			isa = PBXGroup;
			children = (
				ABD54DCB29C49FE3000E7506 /* The XY Designer */,
				ABD54DCA29C49FE3000E7506 /* Products */,
			);
			sourceTree = "<group>";
		};
		ABD54DCA29C49FE3000E7506 /* Products */ = {
			isa = PBXGroup;
			children = (
				ABD54DC929C49FE3000E7506 /* The XY Designer.app */,
			);
			name = Products;
			sourceTree = "<group>";
		};
		ABD54DCB29C49FE3000E7506 /* The XY Designer */ = {
			isa = PBXGroup;
			children = (
				AB3A2CEB29C62C5F00B2717A /* The-XY-Designer-Info.plist */,
				AB3A2CE929C629C400B2717A /* GoogleService-Info.plist */,
				ABD54DDC29C4A18A000E7506 /* Model */,
				ABD54DDB29C4A17F000E7506 /* ViewModel */,
				AB9B44C329DDC48E00A94157 /* UIViewController */,
				ABD54DDA29C4A173000E7506 /* View */,
				AB5FC6DB29DF78CA005FDCA8 /* Scene */,
				AB00AE9229E0A92A0091085D /* Extenstions */,
				ABD54DD029C49FE4000E7506 /* Assets.xcassets */,
				ABD54DD229C49FE4000E7506 /* Preview Content */,
			);
			path = "The XY Designer";
			sourceTree = "<group>";
		};
		ABD54DD229C49FE4000E7506 /* Preview Content */ = {
			isa = PBXGroup;
			children = (
				ABD54DD329C49FE4000E7506 /* Preview Assets.xcassets */,
			);
			path = "Preview Content";
			sourceTree = "<group>";
		};
		ABD54DDA29C4A173000E7506 /* View */ = {
			isa = PBXGroup;
			children = (
				ABD54DF329C4C9F2000E7506 /* Customs */,
				ABD54DDD29C4A1AB000E7506 /* CustomTabBar */,
				ABD54DE029C4BDD9000E7506 /* Authentication */,
				AB5FC6E029DF7CAC005FDCA8 /* Room */,
				ABAEBA4329CCF85F00EB88E1 /* Home.swift */,
				ABD54DCE29C49FE3000E7506 /* MainView.swift */,
				ABD54DCC29C49FE3000E7506 /* The_XY_DesignerApp.swift */,
			);
			path = View;
			sourceTree = "<group>";
		};
		ABD54DDB29C4A17F000E7506 /* ViewModel */ = {
			isa = PBXGroup;
			children = (
				AB5FC6C729DF6046005FDCA8 /* Authentication */,
				AB5FC6C829DF6074005FDCA8 /* RoomBuilder */,
			);
			path = ViewModel;
			sourceTree = "<group>";
		};
		ABD54DDC29C4A18A000E7506 /* Model */ = {
			isa = PBXGroup;
			children = (
				AB3A2CEC29C6380D00B2717A /* User.swift */,
			);
			path = Model;
			sourceTree = "<group>";
		};
		ABD54DDD29C4A1AB000E7506 /* CustomTabBar */ = {
			isa = PBXGroup;
			children = (
				ABD54DDE29C4A1DC000E7506 /* CustomTabBar.swift */,
			);
			path = CustomTabBar;
			sourceTree = "<group>";
		};
		ABD54DE029C4BDD9000E7506 /* Authentication */ = {
			isa = PBXGroup;
			children = (
				ABD54DE129C4BE02000E7506 /* Login.swift */,
				ABD54DE329C4BE10000E7506 /* Register.swift */,
				AB9B412A29CC7559007C02AA /* ForgetPassword.swift */,
				AB9B413029CC861C007C02AA /* Profile.swift */,
			);
			path = Authentication;
			sourceTree = "<group>";
		};
		ABD54DF329C4C9F2000E7506 /* Customs */ = {
			isa = PBXGroup;
			children = (
				ABD54DF429C4CA17000E7506 /* CustomTextField.swift */,
				ABD54DF829C4D091000E7506 /* SecureTextField.swift */,
				AB3A2CF229C64DD700B2717A /* Validator.swift */,
			);
			path = Customs;
			sourceTree = "<group>";
		};
/* End PBXGroup section */

/* Begin PBXNativeTarget section */
		ABD54DC829C49FE3000E7506 /* The XY Designer */ = {
			isa = PBXNativeTarget;
			buildConfigurationList = ABD54DD729C49FE4000E7506 /* Build configuration list for PBXNativeTarget "The XY Designer" */;
			buildPhases = (
				ABD54DC529C49FE3000E7506 /* Sources */,
				ABD54DC629C49FE3000E7506 /* Frameworks */,
				ABD54DC729C49FE3000E7506 /* Resources */,
			);
			buildRules = (
			);
			dependencies = (
			);
			name = "The XY Designer";
			packageProductDependencies = (
				ABD54DE629C4C30C000E7506 /* FirebaseAuth */,
				ABD54DE829C4C30C000E7506 /* FirebaseFirestore */,
				ABD54DEA29C4C30C000E7506 /* FirebaseFirestoreSwift */,
				ABD54DEC29C4C30C000E7506 /* FirebaseStorage */,
				ABD54DEF29C4C439000E7506 /* GoogleSignIn */,
				ABD54DF129C4C439000E7506 /* GoogleSignInSwift */,
				ABFC200129E4D54D003827CF /* ColorKit */,
			);
			productName = "The XY Designer";
			productReference = ABD54DC929C49FE3000E7506 /* The XY Designer.app */;
			productType = "com.apple.product-type.application";
		};
/* End PBXNativeTarget section */

/* Begin PBXProject section */
		ABD54DC129C49FE3000E7506 /* Project object */ = {
			isa = PBXProject;
			attributes = {
				BuildIndependentTargetsInParallel = 1;
				LastSwiftUpdateCheck = 1420;
				LastUpgradeCheck = 1420;
				TargetAttributes = {
					ABD54DC829C49FE3000E7506 = {
						CreatedOnToolsVersion = 14.2;
					};
				};
			};
			buildConfigurationList = ABD54DC429C49FE3000E7506 /* Build configuration list for PBXProject "The XY Designer" */;
			compatibilityVersion = "Xcode 14.0";
			developmentRegion = en;
			hasScannedForEncodings = 0;
			knownRegions = (
				en,
				Base,
			);
			mainGroup = ABD54DC029C49FE3000E7506;
			packageReferences = (
				ABD54DE529C4C30C000E7506 /* XCRemoteSwiftPackageReference "firebase-ios-sdk" */,
				ABD54DEE29C4C439000E7506 /* XCRemoteSwiftPackageReference "GoogleSignIn-iOS" */,
				ABFC200029E4D54D003827CF /* XCRemoteSwiftPackageReference "ColorKit" */,
			);
			productRefGroup = ABD54DCA29C49FE3000E7506 /* Products */;
			projectDirPath = "";
			projectRoot = "";
			targets = (
				ABD54DC829C49FE3000E7506 /* The XY Designer */,
			);
		};
/* End PBXProject section */

/* Begin PBXResourcesBuildPhase section */
		ABD54DC729C49FE3000E7506 /* Resources */ = {
			isa = PBXResourcesBuildPhase;
			buildActionMask = 2147483647;
			files = (
				ABD54DD429C49FE4000E7506 /* Preview Assets.xcassets in Resources */,
				ABD54DD129C49FE4000E7506 /* Assets.xcassets in Resources */,
				AB3A2CEA29C629C400B2717A /* GoogleService-Info.plist in Resources */,
			);
			runOnlyForDeploymentPostprocessing = 0;
		};
/* End PBXResourcesBuildPhase section */

/* Begin PBXSourcesBuildPhase section */
		ABD54DC529C49FE3000E7506 /* Sources */ = {
			isa = PBXSourcesBuildPhase;
			buildActionMask = 2147483647;
			files = (
				ABD54DF929C4D091000E7506 /* SecureTextField.swift in Sources */,
				AB3A2CF129C6395400B2717A /* RegisterViewModel.swift in Sources */,
				ABAEBA4629CD028700EB88E1 /* RoomPlaneApi.swift in Sources */,
				ABAE511629E2FBA600142BA8 /* ContactDelegate.swift in Sources */,
				ABD54DCF29C49FE3000E7506 /* MainView.swift in Sources */,
				AB4CCAA229E1A60F007E3864 /* Entity.swift in Sources */,
				ABD54DDF29C4A1DC000E7506 /* CustomTabBar.swift in Sources */,
				AB5FC6D229DF65C4005FDCA8 /* Themes.swift in Sources */,
				AB4CCAA529E1A6C7007E3864 /* MaterialNode.swift in Sources */,
				AB5FC6E229DF7CFB005FDCA8 /* View3DRoom.swift in Sources */,
				ABD54DF529C4CA17000E7506 /* CustomTextField.swift in Sources */,
				AB4CCA9F29E19D6E007E3864 /* DebugHelpers.swift in Sources */,
				AB9B412B29CC7559007C02AA /* ForgetPassword.swift in Sources */,
				ABFC200429E4DDFB003827CF /* UIColor.swift in Sources */,
				ABAEBA4429CCF85F00EB88E1 /* Home.swift in Sources */,
				AB9B412929CC6805007C02AA /* AuthService.swift in Sources */,
				AB5FC6DD29DF78E7005FDCA8 /* defaultLightNode.swift in Sources */,
				AB5FC6DF29DF79EF005FDCA8 /* SCNVector3+Extenstions.swift in Sources */,
				AB3A2CF329C64DD700B2717A /* Validator.swift in Sources */,
				ABD54DCD29C49FE3000E7506 /* The_XY_DesignerApp.swift in Sources */,
				AB5FC6CC29DF6334005FDCA8 /* BuildMyRoom.swift in Sources */,
				AB5FC6D429DF65DD005FDCA8 /* Samples.swift in Sources */,
				AB9B413129CC861C007C02AA /* Profile.swift in Sources */,
				AB9B412F29CC84C8007C02AA /* ProfileViewModel.swift in Sources */,
				AB00AE9829E0ACF60091085D /* view3DRoomTemp.swift in Sources */,
				AB00AE9429E0A9410091085D /* UserDefaults.swift in Sources */,
				AB3A2CED29C6380D00B2717A /* User.swift in Sources */,
				AB4CCAA829E1B3F6007E3864 /* Control.swift in Sources */,
				AB9B412D29CC7CED007C02AA /* ForgetPasswordViewModel.swift in Sources */,
				AB9B44C529DDC4B000A94157 /* RoomCaptureController.swift in Sources */,
				ABD54DE229C4BE02000E7506 /* Login.swift in Sources */,
				ABD54DE429C4BE10000E7506 /* Register.swift in Sources */,
				AB4CCA9D29E19D39007E3864 /* SCNNode+Helpers.swift in Sources */,
				AB5FC6E529DF8C47005FDCA8 /* SceneRenderereDelegate.swift in Sources */,
				ABD54DF729C4CCA3000E7506 /* LoginViewModel.swift in Sources */,
				AB00AE9129E0A8E90091085D /* tempRoomStruct.swift in Sources */,
			);
			runOnlyForDeploymentPostprocessing = 0;
		};
/* End PBXSourcesBuildPhase section */

/* Begin XCBuildConfiguration section */
		ABD54DD529C49FE4000E7506 /* Debug */ = {
			isa = XCBuildConfiguration;
			buildSettings = {
				ALWAYS_SEARCH_USER_PATHS = NO;
				CLANG_ANALYZER_NONNULL = YES;
				CLANG_ANALYZER_NUMBER_OBJECT_CONVERSION = YES_AGGRESSIVE;
				CLANG_CXX_LANGUAGE_STANDARD = "gnu++20";
				CLANG_ENABLE_MODULES = YES;
				CLANG_ENABLE_OBJC_ARC = YES;
				CLANG_ENABLE_OBJC_WEAK = YES;
				CLANG_WARN_BLOCK_CAPTURE_AUTORELEASING = YES;
				CLANG_WARN_BOOL_CONVERSION = YES;
				CLANG_WARN_COMMA = YES;
				CLANG_WARN_CONSTANT_CONVERSION = YES;
				CLANG_WARN_DEPRECATED_OBJC_IMPLEMENTATIONS = YES;
				CLANG_WARN_DIRECT_OBJC_ISA_USAGE = YES_ERROR;
				CLANG_WARN_DOCUMENTATION_COMMENTS = YES;
				CLANG_WARN_EMPTY_BODY = YES;
				CLANG_WARN_ENUM_CONVERSION = YES;
				CLANG_WARN_INFINITE_RECURSION = YES;
				CLANG_WARN_INT_CONVERSION = YES;
				CLANG_WARN_NON_LITERAL_NULL_CONVERSION = YES;
				CLANG_WARN_OBJC_IMPLICIT_RETAIN_SELF = YES;
				CLANG_WARN_OBJC_LITERAL_CONVERSION = YES;
				CLANG_WARN_OBJC_ROOT_CLASS = YES_ERROR;
				CLANG_WARN_QUOTED_INCLUDE_IN_FRAMEWORK_HEADER = YES;
				CLANG_WARN_RANGE_LOOP_ANALYSIS = YES;
				CLANG_WARN_STRICT_PROTOTYPES = YES;
				CLANG_WARN_SUSPICIOUS_MOVE = YES;
				CLANG_WARN_UNGUARDED_AVAILABILITY = YES_AGGRESSIVE;
				CLANG_WARN_UNREACHABLE_CODE = YES;
				CLANG_WARN__DUPLICATE_METHOD_MATCH = YES;
				COPY_PHASE_STRIP = NO;
				DEBUG_INFORMATION_FORMAT = dwarf;
				ENABLE_STRICT_OBJC_MSGSEND = YES;
				ENABLE_TESTABILITY = YES;
				GCC_C_LANGUAGE_STANDARD = gnu11;
				GCC_DYNAMIC_NO_PIC = NO;
				GCC_NO_COMMON_BLOCKS = YES;
				GCC_OPTIMIZATION_LEVEL = 0;
				GCC_PREPROCESSOR_DEFINITIONS = (
					"DEBUG=1",
					"$(inherited)",
				);
				GCC_WARN_64_TO_32_BIT_CONVERSION = YES;
				GCC_WARN_ABOUT_RETURN_TYPE = YES_ERROR;
				GCC_WARN_UNDECLARED_SELECTOR = YES;
				GCC_WARN_UNINITIALIZED_AUTOS = YES_AGGRESSIVE;
				GCC_WARN_UNUSED_FUNCTION = YES;
				GCC_WARN_UNUSED_VARIABLE = YES;
				IPHONEOS_DEPLOYMENT_TARGET = 16.2;
				MTL_ENABLE_DEBUG_INFO = INCLUDE_SOURCE;
				MTL_FAST_MATH = YES;
				ONLY_ACTIVE_ARCH = YES;
				SDKROOT = iphoneos;
				SWIFT_ACTIVE_COMPILATION_CONDITIONS = DEBUG;
				SWIFT_OPTIMIZATION_LEVEL = "-Onone";
			};
			name = Debug;
		};
		ABD54DD629C49FE4000E7506 /* Release */ = {
			isa = XCBuildConfiguration;
			buildSettings = {
				ALWAYS_SEARCH_USER_PATHS = NO;
				CLANG_ANALYZER_NONNULL = YES;
				CLANG_ANALYZER_NUMBER_OBJECT_CONVERSION = YES_AGGRESSIVE;
				CLANG_CXX_LANGUAGE_STANDARD = "gnu++20";
				CLANG_ENABLE_MODULES = YES;
				CLANG_ENABLE_OBJC_ARC = YES;
				CLANG_ENABLE_OBJC_WEAK = YES;
				CLANG_WARN_BLOCK_CAPTURE_AUTORELEASING = YES;
				CLANG_WARN_BOOL_CONVERSION = YES;
				CLANG_WARN_COMMA = YES;
				CLANG_WARN_CONSTANT_CONVERSION = YES;
				CLANG_WARN_DEPRECATED_OBJC_IMPLEMENTATIONS = YES;
				CLANG_WARN_DIRECT_OBJC_ISA_USAGE = YES_ERROR;
				CLANG_WARN_DOCUMENTATION_COMMENTS = YES;
				CLANG_WARN_EMPTY_BODY = YES;
				CLANG_WARN_ENUM_CONVERSION = YES;
				CLANG_WARN_INFINITE_RECURSION = YES;
				CLANG_WARN_INT_CONVERSION = YES;
				CLANG_WARN_NON_LITERAL_NULL_CONVERSION = YES;
				CLANG_WARN_OBJC_IMPLICIT_RETAIN_SELF = YES;
				CLANG_WARN_OBJC_LITERAL_CONVERSION = YES;
				CLANG_WARN_OBJC_ROOT_CLASS = YES_ERROR;
				CLANG_WARN_QUOTED_INCLUDE_IN_FRAMEWORK_HEADER = YES;
				CLANG_WARN_RANGE_LOOP_ANALYSIS = YES;
				CLANG_WARN_STRICT_PROTOTYPES = YES;
				CLANG_WARN_SUSPICIOUS_MOVE = YES;
				CLANG_WARN_UNGUARDED_AVAILABILITY = YES_AGGRESSIVE;
				CLANG_WARN_UNREACHABLE_CODE = YES;
				CLANG_WARN__DUPLICATE_METHOD_MATCH = YES;
				COPY_PHASE_STRIP = NO;
				DEBUG_INFORMATION_FORMAT = "dwarf-with-dsym";
				ENABLE_NS_ASSERTIONS = NO;
				ENABLE_STRICT_OBJC_MSGSEND = YES;
				GCC_C_LANGUAGE_STANDARD = gnu11;
				GCC_NO_COMMON_BLOCKS = YES;
				GCC_WARN_64_TO_32_BIT_CONVERSION = YES;
				GCC_WARN_ABOUT_RETURN_TYPE = YES_ERROR;
				GCC_WARN_UNDECLARED_SELECTOR = YES;
				GCC_WARN_UNINITIALIZED_AUTOS = YES_AGGRESSIVE;
				GCC_WARN_UNUSED_FUNCTION = YES;
				GCC_WARN_UNUSED_VARIABLE = YES;
				IPHONEOS_DEPLOYMENT_TARGET = 16.2;
				MTL_ENABLE_DEBUG_INFO = NO;
				MTL_FAST_MATH = YES;
				SDKROOT = iphoneos;
				SWIFT_COMPILATION_MODE = wholemodule;
				SWIFT_OPTIMIZATION_LEVEL = "-O";
				VALIDATE_PRODUCT = YES;
			};
			name = Release;
		};
		ABD54DD829C49FE4000E7506 /* Debug */ = {
			isa = XCBuildConfiguration;
			buildSettings = {
				ASSETCATALOG_COMPILER_APPICON_NAME = AppIcon;
				ASSETCATALOG_COMPILER_GLOBAL_ACCENT_COLOR_NAME = AccentColor;
				CODE_SIGN_STYLE = Automatic;
				CURRENT_PROJECT_VERSION = 1;
				DEVELOPMENT_ASSET_PATHS = "\"The XY Designer/Preview Content\"";
				DEVELOPMENT_TEAM = 3Q8FDFK3WX;
				ENABLE_PREVIEWS = YES;
				GENERATE_INFOPLIST_FILE = YES;
				INFOPLIST_FILE = "The-XY-Designer-Info.plist";
				INFOPLIST_KEY_UIApplicationSceneManifest_Generation = YES;
				INFOPLIST_KEY_UIApplicationSupportsIndirectInputEvents = YES;
				INFOPLIST_KEY_UILaunchScreen_Generation = YES;
				INFOPLIST_KEY_UISupportedInterfaceOrientations_iPad = "UIInterfaceOrientationPortrait UIInterfaceOrientationPortraitUpsideDown UIInterfaceOrientationLandscapeLeft UIInterfaceOrientationLandscapeRight";
				INFOPLIST_KEY_UISupportedInterfaceOrientations_iPhone = "UIInterfaceOrientationPortrait UIInterfaceOrientationLandscapeLeft UIInterfaceOrientationLandscapeRight";
				LD_RUNPATH_SEARCH_PATHS = (
					"$(inherited)",
					"@executable_path/Frameworks",
				);
				MARKETING_VERSION = 1.0;
				PRODUCT_BUNDLE_IDENTIFIER = "com.salah.12488.The-XY-Designer";
				PRODUCT_NAME = "$(TARGET_NAME)";
				SWIFT_EMIT_LOC_STRINGS = YES;
				SWIFT_VERSION = 5.0;
				TARGETED_DEVICE_FAMILY = "1,2";
			};
			name = Debug;
		};
		ABD54DD929C49FE4000E7506 /* Release */ = {
			isa = XCBuildConfiguration;
			buildSettings = {
				ASSETCATALOG_COMPILER_APPICON_NAME = AppIcon;
				ASSETCATALOG_COMPILER_GLOBAL_ACCENT_COLOR_NAME = AccentColor;
				CODE_SIGN_STYLE = Automatic;
				CURRENT_PROJECT_VERSION = 1;
				DEVELOPMENT_ASSET_PATHS = "\"The XY Designer/Preview Content\"";
				DEVELOPMENT_TEAM = 3Q8FDFK3WX;
				ENABLE_PREVIEWS = YES;
				GENERATE_INFOPLIST_FILE = YES;
				INFOPLIST_FILE = "The-XY-Designer-Info.plist";
				INFOPLIST_KEY_UIApplicationSceneManifest_Generation = YES;
				INFOPLIST_KEY_UIApplicationSupportsIndirectInputEvents = YES;
				INFOPLIST_KEY_UILaunchScreen_Generation = YES;
				INFOPLIST_KEY_UISupportedInterfaceOrientations_iPad = "UIInterfaceOrientationPortrait UIInterfaceOrientationPortraitUpsideDown UIInterfaceOrientationLandscapeLeft UIInterfaceOrientationLandscapeRight";
				INFOPLIST_KEY_UISupportedInterfaceOrientations_iPhone = "UIInterfaceOrientationPortrait UIInterfaceOrientationLandscapeLeft UIInterfaceOrientationLandscapeRight";
				LD_RUNPATH_SEARCH_PATHS = (
					"$(inherited)",
					"@executable_path/Frameworks",
				);
				MARKETING_VERSION = 1.0;
				PRODUCT_BUNDLE_IDENTIFIER = "com.salah.12488.The-XY-Designer";
				PRODUCT_NAME = "$(TARGET_NAME)";
				SWIFT_EMIT_LOC_STRINGS = YES;
				SWIFT_VERSION = 5.0;
				TARGETED_DEVICE_FAMILY = "1,2";
			};
			name = Release;
		};
/* End XCBuildConfiguration section */

/* Begin XCConfigurationList section */
		ABD54DC429C49FE3000E7506 /* Build configuration list for PBXProject "The XY Designer" */ = {
			isa = XCConfigurationList;
			buildConfigurations = (
				ABD54DD529C49FE4000E7506 /* Debug */,
				ABD54DD629C49FE4000E7506 /* Release */,
			);
			defaultConfigurationIsVisible = 0;
			defaultConfigurationName = Release;
		};
		ABD54DD729C49FE4000E7506 /* Build configuration list for PBXNativeTarget "The XY Designer" */ = {
			isa = XCConfigurationList;
			buildConfigurations = (
				ABD54DD829C49FE4000E7506 /* Debug */,
				ABD54DD929C49FE4000E7506 /* Release */,
			);
			defaultConfigurationIsVisible = 0;
			defaultConfigurationName = Release;
		};
/* End XCConfigurationList section */

/* Begin XCRemoteSwiftPackageReference section */
		ABD54DE529C4C30C000E7506 /* XCRemoteSwiftPackageReference "firebase-ios-sdk" */ = {
			isa = XCRemoteSwiftPackageReference;
			repositoryURL = "https://github.com/firebase/firebase-ios-sdk";
			requirement = {
				branch = master;
				kind = branch;
			};
		};
		ABD54DEE29C4C439000E7506 /* XCRemoteSwiftPackageReference "GoogleSignIn-iOS" */ = {
			isa = XCRemoteSwiftPackageReference;
			repositoryURL = "https://github.com/google/GoogleSignIn-iOS/";
			requirement = {
				kind = upToNextMajorVersion;
				minimumVersion = 7.0.0;
			};
		};
		ABFC200029E4D54D003827CF /* XCRemoteSwiftPackageReference "ColorKit" */ = {
			isa = XCRemoteSwiftPackageReference;
			repositoryURL = "https://github.com/Boris-Em/ColorKit";
			requirement = {
				branch = master;
				kind = branch;
			};
		};
/* End XCRemoteSwiftPackageReference section */

/* Begin XCSwiftPackageProductDependency section */
		ABD54DE629C4C30C000E7506 /* FirebaseAuth */ = {
			isa = XCSwiftPackageProductDependency;
			package = ABD54DE529C4C30C000E7506 /* XCRemoteSwiftPackageReference "firebase-ios-sdk" */;
			productName = FirebaseAuth;
		};
		ABD54DE829C4C30C000E7506 /* FirebaseFirestore */ = {
			isa = XCSwiftPackageProductDependency;
			package = ABD54DE529C4C30C000E7506 /* XCRemoteSwiftPackageReference "firebase-ios-sdk" */;
			productName = FirebaseFirestore;
		};
		ABD54DEA29C4C30C000E7506 /* FirebaseFirestoreSwift */ = {
			isa = XCSwiftPackageProductDependency;
			package = ABD54DE529C4C30C000E7506 /* XCRemoteSwiftPackageReference "firebase-ios-sdk" */;
			productName = FirebaseFirestoreSwift;
		};
		ABD54DEC29C4C30C000E7506 /* FirebaseStorage */ = {
			isa = XCSwiftPackageProductDependency;
			package = ABD54DE529C4C30C000E7506 /* XCRemoteSwiftPackageReference "firebase-ios-sdk" */;
			productName = FirebaseStorage;
		};
		ABD54DEF29C4C439000E7506 /* GoogleSignIn */ = {
			isa = XCSwiftPackageProductDependency;
			package = ABD54DEE29C4C439000E7506 /* XCRemoteSwiftPackageReference "GoogleSignIn-iOS" */;
			productName = GoogleSignIn;
		};
		ABD54DF129C4C439000E7506 /* GoogleSignInSwift */ = {
			isa = XCSwiftPackageProductDependency;
			package = ABD54DEE29C4C439000E7506 /* XCRemoteSwiftPackageReference "GoogleSignIn-iOS" */;
			productName = GoogleSignInSwift;
		};
		ABFC200129E4D54D003827CF /* ColorKit */ = {
			isa = XCSwiftPackageProductDependency;
			package = ABFC200029E4D54D003827CF /* XCRemoteSwiftPackageReference "ColorKit" */;
			productName = ColorKit;
		};
/* End XCSwiftPackageProductDependency section */
	};
	rootObject = ABD54DC129C49FE3000E7506 /* Project object */;
}
