// !$*UTF8*$!
{
	archiveVersion = 1;
	classes = {
	};
	objectVersion = 56;
	objects = {

/* Begin PBXBuildFile section */
		AB00AE9129E0A8E90091085D /* tempRoomStruct.swift in Sources */ = {isa = PBXBuildFile; fileRef = AB00AE9029E0A8E90091085D /* tempRoomStruct.swift */; };
		AB00AE9429E0A9410091085D /* UserDefaults.swift in Sources */ = {isa = PBXBuildFile; fileRef = AB00AE9329E0A9410091085D /* UserDefaults.swift */; };
		AB00AE9829E0ACF60091085D /* view3DRoomTemp.swift in Sources */ = {isa = PBXBuildFile; fileRef = AB00AE9729E0ACF60091085D /* view3DRoomTemp.swift */; };
		AB1D53342A03E91800C1BA8F /* AddFurniture.swift in Sources */ = {isa = PBXBuildFile; fileRef = AB1D53332A03E91800C1BA8F /* AddFurniture.swift */; };
		AB1D53362A03E99D00C1BA8F /* AddFurnitureViewModel.swift in Sources */ = {isa = PBXBuildFile; fileRef = AB1D53352A03E99D00C1BA8F /* AddFurnitureViewModel.swift */; };
		AB1D533A2A040B6A00C1BA8F /* CustomTextFieldCenter.swift in Sources */ = {isa = PBXBuildFile; fileRef = AB1D53392A040B6A00C1BA8F /* CustomTextFieldCenter.swift */; };
		AB1D533C2A05679000C1BA8F /* Controls.swift in Sources */ = {isa = PBXBuildFile; fileRef = AB1D533B2A05679000C1BA8F /* Controls.swift */; };
		AB3A2CEA29C629C400B2717A /* GoogleService-Info.plist in Resources */ = {isa = PBXBuildFile; fileRef = AB3A2CE929C629C400B2717A /* GoogleService-Info.plist */; };
		AB3A2CED29C6380D00B2717A /* User.swift in Sources */ = {isa = PBXBuildFile; fileRef = AB3A2CEC29C6380D00B2717A /* User.swift */; };
		AB3A2CF129C6395400B2717A /* RegisterViewModel.swift in Sources */ = {isa = PBXBuildFile; fileRef = AB3A2CF029C6395400B2717A /* RegisterViewModel.swift */; };
		AB3A2CF329C64DD700B2717A /* Validator.swift in Sources */ = {isa = PBXBuildFile; fileRef = AB3A2CF229C64DD700B2717A /* Validator.swift */; };
		AB44FC5D29E832B400973891 /* Wooden_Bed.scn in Resources */ = {isa = PBXBuildFile; fileRef = AB44FC5A29E832B400973891 /* Wooden_Bed.scn */; };
		AB44FC6329E83B7800973891 /* BuildRoom3DModels.swift in Sources */ = {isa = PBXBuildFile; fileRef = AB44FC6229E83B7800973891 /* BuildRoom3DModels.swift */; };
		AB4CCA9D29E19D39007E3864 /* SCNNode+Helpers.swift in Sources */ = {isa = PBXBuildFile; fileRef = AB4CCA9C29E19D39007E3864 /* SCNNode+Helpers.swift */; };
		AB4CCA9F29E19D6E007E3864 /* DebugHelpers.swift in Sources */ = {isa = PBXBuildFile; fileRef = AB4CCA9E29E19D6E007E3864 /* DebugHelpers.swift */; };
		AB4CCAA229E1A60F007E3864 /* Entity.swift in Sources */ = {isa = PBXBuildFile; fileRef = AB4CCAA129E1A60F007E3864 /* Entity.swift */; };
		AB4CCAA529E1A6C7007E3864 /* MaterialNode.swift in Sources */ = {isa = PBXBuildFile; fileRef = AB4CCAA429E1A6C7007E3864 /* MaterialNode.swift */; };
		AB4CCAA829E1B3F6007E3864 /* Control.swift in Sources */ = {isa = PBXBuildFile; fileRef = AB4CCAA729E1B3F6007E3864 /* Control.swift */; };
		AB4E042A29E5E22900450517 /* EditNode.swift in Sources */ = {isa = PBXBuildFile; fileRef = AB4E042929E5E22900450517 /* EditNode.swift */; };
		AB4E885429EC40ED003FF08A /* ArRoomView.swift in Sources */ = {isa = PBXBuildFile; fileRef = AB4E885329EC40ED003FF08A /* ArRoomView.swift */; };
		AB4E885629EC5009003FF08A /* test.swift in Sources */ = {isa = PBXBuildFile; fileRef = AB4E885529EC5009003FF08A /* test.swift */; };
		AB59CD2629FC468900B40EA2 /* SceneOptimization.swift in Sources */ = {isa = PBXBuildFile; fileRef = AB59CD2529FC468900B40EA2 /* SceneOptimization.swift */; };
		AB5FC6CC29DF6334005FDCA8 /* BuildMyRoom2.swift in Sources */ = {isa = PBXBuildFile; fileRef = AB5FC6CB29DF6334005FDCA8 /* BuildMyRoom2.swift */; };
		AB5FC6D229DF65C4005FDCA8 /* Themes.swift in Sources */ = {isa = PBXBuildFile; fileRef = AB5FC6D129DF65C4005FDCA8 /* Themes.swift */; };
		AB5FC6D429DF65DD005FDCA8 /* Samples.swift in Sources */ = {isa = PBXBuildFile; fileRef = AB5FC6D329DF65DD005FDCA8 /* Samples.swift */; };
		AB5FC6DD29DF78E7005FDCA8 /* defaultLightNode.swift in Sources */ = {isa = PBXBuildFile; fileRef = AB5FC6DC29DF78E7005FDCA8 /* defaultLightNode.swift */; };
		AB5FC6DF29DF79EF005FDCA8 /* SCNVector3+Extenstions.swift in Sources */ = {isa = PBXBuildFile; fileRef = AB5FC6DE29DF79EF005FDCA8 /* SCNVector3+Extenstions.swift */; };
		AB5FC6E229DF7CFB005FDCA8 /* View3DRoom.swift in Sources */ = {isa = PBXBuildFile; fileRef = AB5FC6E129DF7CFB005FDCA8 /* View3DRoom.swift */; };
		AB5FC6E529DF8C47005FDCA8 /* SceneRenderereDelegate.swift in Sources */ = {isa = PBXBuildFile; fileRef = AB5FC6E429DF8C47005FDCA8 /* SceneRenderereDelegate.swift */; };
		AB61581429FAA35B00F7119A /* SaveScene.swift in Sources */ = {isa = PBXBuildFile; fileRef = AB61581329FAA35B00F7119A /* SaveScene.swift */; };
		AB7D1AB12A0B71290057AD09 /* Router.swift in Sources */ = {isa = PBXBuildFile; fileRef = AB7D1AB02A0B71290057AD09 /* Router.swift */; };
		AB7D1AB32A0B71BC0057AD09 /* Test3.swift in Sources */ = {isa = PBXBuildFile; fileRef = AB7D1AB22A0B71BC0057AD09 /* Test3.swift */; };
		AB8C6F8B2A1E4CE60025614F /* SDWebImageSwiftUI in Frameworks */ = {isa = PBXBuildFile; productRef = AB8C6F8A2A1E4CE60025614F /* SDWebImageSwiftUI */; };
		AB8C6F8F2A1E4D630025614F /* FetchingTextures.swift in Sources */ = {isa = PBXBuildFile; fileRef = AB8C6F8E2A1E4D630025614F /* FetchingTextures.swift */; };
		AB8E166229F738E4003CC472 /* FetchScene.swift in Sources */ = {isa = PBXBuildFile; fileRef = AB8E166129F738E4003CC472 /* FetchScene.swift */; };
		AB8E166429F75A19003CC472 /* ThingsToDo.swift in Sources */ = {isa = PBXBuildFile; fileRef = AB8E166329F75A19003CC472 /* ThingsToDo.swift */; };
		AB8E166629F76093003CC472 /* JsonToScene.swift in Sources */ = {isa = PBXBuildFile; fileRef = AB8E166529F76093003CC472 /* JsonToScene.swift */; };
		AB8E166929F760B6003CC472 /* DecodeScene.swift in Sources */ = {isa = PBXBuildFile; fileRef = AB8E166829F760B6003CC472 /* DecodeScene.swift */; };
		AB8E166F29F76908003CC472 /* PrepareRoomScanData.swift in Sources */ = {isa = PBXBuildFile; fileRef = AB8E166E29F76908003CC472 /* PrepareRoomScanData.swift */; };
		AB8E167429F77C4E003CC472 /* PrepareJsonToScene.swift in Sources */ = {isa = PBXBuildFile; fileRef = AB8E167329F77C4E003CC472 /* PrepareJsonToScene.swift */; };
		AB8E167629F863B9003CC472 /* BuildMyRoom.swift in Sources */ = {isa = PBXBuildFile; fileRef = AB8E167529F863B9003CC472 /* BuildMyRoom.swift */; };
		AB8E167829F876BA003CC472 /* BuildMyRoomAssistant.swift in Sources */ = {isa = PBXBuildFile; fileRef = AB8E167729F876BA003CC472 /* BuildMyRoomAssistant.swift */; };
		AB8E167A29F89F58003CC472 /* View3DRoomNew.swift in Sources */ = {isa = PBXBuildFile; fileRef = AB8E167929F89F58003CC472 /* View3DRoomNew.swift */; };
		AB9B412929CC6805007C02AA /* AuthService.swift in Sources */ = {isa = PBXBuildFile; fileRef = AB9B412829CC6805007C02AA /* AuthService.swift */; };
		AB9B412B29CC7559007C02AA /* ForgetPassword.swift in Sources */ = {isa = PBXBuildFile; fileRef = AB9B412A29CC7559007C02AA /* ForgetPassword.swift */; };
		AB9B412D29CC7CED007C02AA /* ForgetPasswordViewModel.swift in Sources */ = {isa = PBXBuildFile; fileRef = AB9B412C29CC7CED007C02AA /* ForgetPasswordViewModel.swift */; };
		AB9B412F29CC84C8007C02AA /* ProfileViewModel.swift in Sources */ = {isa = PBXBuildFile; fileRef = AB9B412E29CC84C8007C02AA /* ProfileViewModel.swift */; };
		AB9B413129CC861C007C02AA /* Profile.swift in Sources */ = {isa = PBXBuildFile; fileRef = AB9B413029CC861C007C02AA /* Profile.swift */; };
		AB9B44C529DDC4B000A94157 /* RoomCaptureController.swift in Sources */ = {isa = PBXBuildFile; fileRef = AB9B44C429DDC4B000A94157 /* RoomCaptureController.swift */; };
		ABAABE3B2A080B7100B480B6 /* EditFurnitureViewModel.swift in Sources */ = {isa = PBXBuildFile; fileRef = ABAABE3A2A080B7100B480B6 /* EditFurnitureViewModel.swift */; };
		ABAABE3D2A080EDD00B480B6 /* AddEditMaster.swift in Sources */ = {isa = PBXBuildFile; fileRef = ABAABE3C2A080EDD00B480B6 /* AddEditMaster.swift */; };
		ABAABE3F2A081DC100B480B6 /* EditNodeNew.swift in Sources */ = {isa = PBXBuildFile; fileRef = ABAABE3E2A081DC100B480B6 /* EditNodeNew.swift */; };
		ABAC686029EAF1B10085D90D /* Show3DModels.swift in Sources */ = {isa = PBXBuildFile; fileRef = ABAC685F29EAF1B10085D90D /* Show3DModels.swift */; };
		ABAC686229EB2F540085D90D /* ShowTextures.swift in Sources */ = {isa = PBXBuildFile; fileRef = ABAC686129EB2F540085D90D /* ShowTextures.swift */; };
		ABAE2E632A1FA1D500330A4F /* Texures.swift in Sources */ = {isa = PBXBuildFile; fileRef = ABAE2E622A1FA1D500330A4F /* Texures.swift */; };
		ABAE2E8F2A268BE000330A4F /* sink2.usdz in Resources */ = {isa = PBXBuildFile; fileRef = ABAE2E642A268BDC00330A4F /* sink2.usdz */; };
		ABAE2E902A268BE000330A4F /* table2.usdz in Resources */ = {isa = PBXBuildFile; fileRef = ABAE2E652A268BDC00330A4F /* table2.usdz */; };
		ABAE2E912A268BE000330A4F /* storage4.usdz in Resources */ = {isa = PBXBuildFile; fileRef = ABAE2E662A268BDC00330A4F /* storage4.usdz */; };
		ABAE2E922A268BE000330A4F /* chair.usdz in Resources */ = {isa = PBXBuildFile; fileRef = ABAE2E672A268BDC00330A4F /* chair.usdz */; };
		ABAE2E932A268BE000330A4F /* oven.usdz in Resources */ = {isa = PBXBuildFile; fileRef = ABAE2E682A268BDC00330A4F /* oven.usdz */; };
		ABAE2E942A268BE000330A4F /* bed.usdz in Resources */ = {isa = PBXBuildFile; fileRef = ABAE2E692A268BDC00330A4F /* bed.usdz */; };
		ABAE2E952A268BE000330A4F /* oven3.usdz in Resources */ = {isa = PBXBuildFile; fileRef = ABAE2E6A2A268BDC00330A4F /* oven3.usdz */; };
		ABAE2E962A268BE000330A4F /* dryer.usdz in Resources */ = {isa = PBXBuildFile; fileRef = ABAE2E6B2A268BDC00330A4F /* dryer.usdz */; };
		ABAE2E982A268BE000330A4F /* chair4.usdz in Resources */ = {isa = PBXBuildFile; fileRef = ABAE2E6D2A268BDD00330A4F /* chair4.usdz */; };
		ABAE2E9A2A268BE000330A4F /* bathtub.usdz in Resources */ = {isa = PBXBuildFile; fileRef = ABAE2E6F2A268BDD00330A4F /* bathtub.usdz */; };
		ABAE2E9B2A268BE000330A4F /* refrigerator2.usdz in Resources */ = {isa = PBXBuildFile; fileRef = ABAE2E702A268BDD00330A4F /* refrigerator2.usdz */; };
		ABAE2E9C2A268BE000330A4F /* chair3.usdz in Resources */ = {isa = PBXBuildFile; fileRef = ABAE2E712A268BDD00330A4F /* chair3.usdz */; };
		ABAE2E9D2A268BE000330A4F /* sink3.usdz in Resources */ = {isa = PBXBuildFile; fileRef = ABAE2E722A268BDD00330A4F /* sink3.usdz */; };
		ABAE2E9E2A268BE000330A4F /* storage5.usdz in Resources */ = {isa = PBXBuildFile; fileRef = ABAE2E732A268BDD00330A4F /* storage5.usdz */; };
		ABAE2E9F2A268BE000330A4F /* stove.usdz in Resources */ = {isa = PBXBuildFile; fileRef = ABAE2E742A268BDD00330A4F /* stove.usdz */; };
		ABAE2EA02A268BE000330A4F /* table.usdz in Resources */ = {isa = PBXBuildFile; fileRef = ABAE2E752A268BDD00330A4F /* table.usdz */; };
		ABAE2EA12A268BE000330A4F /* toilet2.usdz in Resources */ = {isa = PBXBuildFile; fileRef = ABAE2E762A268BDE00330A4F /* toilet2.usdz */; };
		ABAE2EA22A268BE000330A4F /* oven2.usdz in Resources */ = {isa = PBXBuildFile; fileRef = ABAE2E772A268BDE00330A4F /* oven2.usdz */; };
		ABAE2EA42A268BE000330A4F /* toilet.usdz in Resources */ = {isa = PBXBuildFile; fileRef = ABAE2E792A268BDE00330A4F /* toilet.usdz */; };
		ABAE2EA52A268BE000330A4F /* storage3.usdz in Resources */ = {isa = PBXBuildFile; fileRef = ABAE2E7A2A268BDE00330A4F /* storage3.usdz */; };
		ABAE2EA62A268BE000330A4F /* chair2.usdz in Resources */ = {isa = PBXBuildFile; fileRef = ABAE2E7B2A268BDE00330A4F /* chair2.usdz */; };
		ABAE2EA72A268BE000330A4F /* sofa2.usdz in Resources */ = {isa = PBXBuildFile; fileRef = ABAE2E7C2A268BDE00330A4F /* sofa2.usdz */; };
		ABAE2EA82A268BE000330A4F /* table3.usdz in Resources */ = {isa = PBXBuildFile; fileRef = ABAE2E7D2A268BDE00330A4F /* table3.usdz */; };
		ABAE2EAA2A268BE000330A4F /* dishwasher.usdz in Resources */ = {isa = PBXBuildFile; fileRef = ABAE2E7F2A268BDF00330A4F /* dishwasher.usdz */; };
		ABAE2EAB2A268BE000330A4F /* storage6.usdz in Resources */ = {isa = PBXBuildFile; fileRef = ABAE2E802A268BDF00330A4F /* storage6.usdz */; };
		ABAE2EAC2A268BE000330A4F /* storage2.usdz in Resources */ = {isa = PBXBuildFile; fileRef = ABAE2E812A268BDF00330A4F /* storage2.usdz */; };
		ABAE2EAD2A268BE000330A4F /* monitor.usdz in Resources */ = {isa = PBXBuildFile; fileRef = ABAE2E822A268BDF00330A4F /* monitor.usdz */; };
		ABAE2EAE2A268BE000330A4F /* stove2.usdz in Resources */ = {isa = PBXBuildFile; fileRef = ABAE2E832A268BDF00330A4F /* stove2.usdz */; };
		ABAE2EAF2A268BE000330A4F /* sink.usdz in Resources */ = {isa = PBXBuildFile; fileRef = ABAE2E842A268BDF00330A4F /* sink.usdz */; };
		ABAE2EB02A268BE000330A4F /* monitor2.usdz in Resources */ = {isa = PBXBuildFile; fileRef = ABAE2E852A268BDF00330A4F /* monitor2.usdz */; };
		ABAE2EB12A268BE000330A4F /* washing.usdz in Resources */ = {isa = PBXBuildFile; fileRef = ABAE2E862A268BDF00330A4F /* washing.usdz */; };
		ABAE2EB22A268BE000330A4F /* window.usdz in Resources */ = {isa = PBXBuildFile; fileRef = ABAE2E872A268BE000330A4F /* window.usdz */; };
		ABAE2EB32A268BE000330A4F /* storage.usdz in Resources */ = {isa = PBXBuildFile; fileRef = ABAE2E882A268BE000330A4F /* storage.usdz */; };
		ABAE2EB42A268BE000330A4F /* window2.usdz in Resources */ = {isa = PBXBuildFile; fileRef = ABAE2E892A268BE000330A4F /* window2.usdz */; };
		ABAE2EB52A268BE000330A4F /* monitor3.usdz in Resources */ = {isa = PBXBuildFile; fileRef = ABAE2E8A2A268BE000330A4F /* monitor3.usdz */; };
		ABAE2EB62A268BE000330A4F /* fireblace.usdz in Resources */ = {isa = PBXBuildFile; fileRef = ABAE2E8B2A268BE000330A4F /* fireblace.usdz */; };
		ABAE2EB72A268BE000330A4F /* bed2.usdz in Resources */ = {isa = PBXBuildFile; fileRef = ABAE2E8C2A268BE000330A4F /* bed2.usdz */; };
		ABAE2EB82A268BE000330A4F /* sofa.usdz in Resources */ = {isa = PBXBuildFile; fileRef = ABAE2E8D2A268BE000330A4F /* sofa.usdz */; };
		ABAE2EB92A268BE000330A4F /* refrigerator.usdz in Resources */ = {isa = PBXBuildFile; fileRef = ABAE2E8E2A268BE000330A4F /* refrigerator.usdz */; };
		ABAE2EBE2A268D6600330A4F /* door3.usdz in Resources */ = {isa = PBXBuildFile; fileRef = ABAE2EBA2A268D6500330A4F /* door3.usdz */; };
		ABAE2EBF2A268D6600330A4F /* door4.usdz in Resources */ = {isa = PBXBuildFile; fileRef = ABAE2EBB2A268D6500330A4F /* door4.usdz */; };
		ABAE2EC02A268D6600330A4F /* door.usdz in Resources */ = {isa = PBXBuildFile; fileRef = ABAE2EBC2A268D6500330A4F /* door.usdz */; };
		ABAE2EC12A268D6600330A4F /* door2.usdz in Resources */ = {isa = PBXBuildFile; fileRef = ABAE2EBD2A268D6600330A4F /* door2.usdz */; };
		ABAE511629E2FBA600142BA8 /* ContactDelegate.swift in Sources */ = {isa = PBXBuildFile; fileRef = ABAE511529E2FBA600142BA8 /* ContactDelegate.swift */; };
		ABAEBA4429CCF85F00EB88E1 /* Home.swift in Sources */ = {isa = PBXBuildFile; fileRef = ABAEBA4329CCF85F00EB88E1 /* Home.swift */; };
		ABAEBA4629CD028700EB88E1 /* RoomPlaneApi.swift in Sources */ = {isa = PBXBuildFile; fileRef = ABAEBA4529CD028700EB88E1 /* RoomPlaneApi.swift */; };
		ABB1465529F9C4F300CC9EBD /* SwiftUIJoystick in Frameworks */ = {isa = PBXBuildFile; productRef = ABB1465429F9C4F300CC9EBD /* SwiftUIJoystick */; };
		ABB4CC0129F5225E00D6278A /* UI-Image.swift in Sources */ = {isa = PBXBuildFile; fileRef = ABB4CC0029F5225E00D6278A /* UI-Image.swift */; };
		ABB4CC0329F5503700D6278A /* SceneToJson.swift in Sources */ = {isa = PBXBuildFile; fileRef = ABB4CC0229F5503700D6278A /* SceneToJson.swift */; };
		ABB4CC0529F5504600D6278A /* testJson.swift in Sources */ = {isa = PBXBuildFile; fileRef = ABB4CC0429F5504600D6278A /* testJson.swift */; };
		ABB862E929F5A0DF00C7D241 /* UIApplication.swift in Sources */ = {isa = PBXBuildFile; fileRef = ABB862E829F5A0DF00C7D241 /* UIApplication.swift */; };
		ABB862EC29F5E09F00C7D241 /* UploadScene.swift in Sources */ = {isa = PBXBuildFile; fileRef = ABB862EB29F5E09F00C7D241 /* UploadScene.swift */; };
		ABB862EE29F5F0EA00C7D241 /* ManageSceneDataBase.swift in Sources */ = {isa = PBXBuildFile; fileRef = ABB862ED29F5F0EA00C7D241 /* ManageSceneDataBase.swift */; };
		ABBE27E729E61BB5003656E3 /* EditFurniture.swift in Sources */ = {isa = PBXBuildFile; fileRef = ABBE27E629E61BB5003656E3 /* EditFurniture.swift */; };
		ABD54DCD29C49FE3000E7506 /* The_XY_DesignerApp.swift in Sources */ = {isa = PBXBuildFile; fileRef = ABD54DCC29C49FE3000E7506 /* The_XY_DesignerApp.swift */; };
		ABD54DCF29C49FE3000E7506 /* MainView.swift in Sources */ = {isa = PBXBuildFile; fileRef = ABD54DCE29C49FE3000E7506 /* MainView.swift */; };
		ABD54DD129C49FE4000E7506 /* Assets.xcassets in Resources */ = {isa = PBXBuildFile; fileRef = ABD54DD029C49FE4000E7506 /* Assets.xcassets */; };
		ABD54DD429C49FE4000E7506 /* Preview Assets.xcassets in Resources */ = {isa = PBXBuildFile; fileRef = ABD54DD329C49FE4000E7506 /* Preview Assets.xcassets */; };
		ABD54DDF29C4A1DC000E7506 /* CustomTabBar.swift in Sources */ = {isa = PBXBuildFile; fileRef = ABD54DDE29C4A1DC000E7506 /* CustomTabBar.swift */; };
		ABD54DE229C4BE02000E7506 /* Login.swift in Sources */ = {isa = PBXBuildFile; fileRef = ABD54DE129C4BE02000E7506 /* Login.swift */; };
		ABD54DE429C4BE10000E7506 /* Register.swift in Sources */ = {isa = PBXBuildFile; fileRef = ABD54DE329C4BE10000E7506 /* Register.swift */; };
		ABD54DE729C4C30C000E7506 /* FirebaseAuth in Frameworks */ = {isa = PBXBuildFile; productRef = ABD54DE629C4C30C000E7506 /* FirebaseAuth */; };
		ABD54DE929C4C30C000E7506 /* FirebaseFirestore in Frameworks */ = {isa = PBXBuildFile; productRef = ABD54DE829C4C30C000E7506 /* FirebaseFirestore */; };
		ABD54DEB29C4C30C000E7506 /* FirebaseFirestoreSwift in Frameworks */ = {isa = PBXBuildFile; productRef = ABD54DEA29C4C30C000E7506 /* FirebaseFirestoreSwift */; };
		ABD54DED29C4C30C000E7506 /* FirebaseStorage in Frameworks */ = {isa = PBXBuildFile; productRef = ABD54DEC29C4C30C000E7506 /* FirebaseStorage */; };
		ABD54DF029C4C439000E7506 /* GoogleSignIn in Frameworks */ = {isa = PBXBuildFile; productRef = ABD54DEF29C4C439000E7506 /* GoogleSignIn */; };
		ABD54DF229C4C439000E7506 /* GoogleSignInSwift in Frameworks */ = {isa = PBXBuildFile; productRef = ABD54DF129C4C439000E7506 /* GoogleSignInSwift */; };
		ABD54DF529C4CA17000E7506 /* CustomTextField.swift in Sources */ = {isa = PBXBuildFile; fileRef = ABD54DF429C4CA17000E7506 /* CustomTextField.swift */; };
		ABD54DF729C4CCA3000E7506 /* LoginViewModel.swift in Sources */ = {isa = PBXBuildFile; fileRef = ABD54DF629C4CCA3000E7506 /* LoginViewModel.swift */; };
		ABD54DF929C4D091000E7506 /* SecureTextField.swift in Sources */ = {isa = PBXBuildFile; fileRef = ABD54DF829C4D091000E7506 /* SecureTextField.swift */; };
		ABEE93442A098BD20023DFFF /* ShowDominantColors.swift in Sources */ = {isa = PBXBuildFile; fileRef = ABEE93432A098BD20023DFFF /* ShowDominantColors.swift */; };
		ABEE93462A09F3CD0023DFFF /* ShowDimenstions.swift in Sources */ = {isa = PBXBuildFile; fileRef = ABEE93452A09F3CC0023DFFF /* ShowDimenstions.swift */; };
		ABEE93492A09FF0B0023DFFF /* ShowGallery.swift in Sources */ = {isa = PBXBuildFile; fileRef = ABEE93482A09FF0B0023DFFF /* ShowGallery.swift */; };
		ABFC200229E4D54D003827CF /* ColorKit in Frameworks */ = {isa = PBXBuildFile; productRef = ABFC200129E4D54D003827CF /* ColorKit */; };
		ABFC200429E4DDFB003827CF /* UIColor.swift in Sources */ = {isa = PBXBuildFile; fileRef = ABFC200329E4DDFB003827CF /* UIColor.swift */; };
		ABFD29DD2A193FB7002FC8E0 /* Row.swift in Sources */ = {isa = PBXBuildFile; fileRef = ABFD29DC2A193FB7002FC8E0 /* Row.swift */; };
		ABFD29DF2A195970002FC8E0 /* deleteScene.swift in Sources */ = {isa = PBXBuildFile; fileRef = ABFD29DE2A195970002FC8E0 /* deleteScene.swift */; };
/* End PBXBuildFile section */

/* Begin PBXFileReference section */
		AB00AE9029E0A8E90091085D /* tempRoomStruct.swift */ = {isa = PBXFileReference; lastKnownFileType = sourcecode.swift; path = tempRoomStruct.swift; sourceTree = "<group>"; };
		AB00AE9329E0A9410091085D /* UserDefaults.swift */ = {isa = PBXFileReference; lastKnownFileType = sourcecode.swift; path = UserDefaults.swift; sourceTree = "<group>"; };
		AB00AE9729E0ACF60091085D /* view3DRoomTemp.swift */ = {isa = PBXFileReference; lastKnownFileType = sourcecode.swift; path = view3DRoomTemp.swift; sourceTree = "<group>"; };
		AB1D53332A03E91800C1BA8F /* AddFurniture.swift */ = {isa = PBXFileReference; lastKnownFileType = sourcecode.swift; path = AddFurniture.swift; sourceTree = "<group>"; };
		AB1D53352A03E99D00C1BA8F /* AddFurnitureViewModel.swift */ = {isa = PBXFileReference; lastKnownFileType = sourcecode.swift; path = AddFurnitureViewModel.swift; sourceTree = "<group>"; };
		AB1D53392A040B6A00C1BA8F /* CustomTextFieldCenter.swift */ = {isa = PBXFileReference; lastKnownFileType = sourcecode.swift; path = CustomTextFieldCenter.swift; sourceTree = "<group>"; };
		AB1D533B2A05679000C1BA8F /* Controls.swift */ = {isa = PBXFileReference; lastKnownFileType = sourcecode.swift; path = Controls.swift; sourceTree = "<group>"; };
		AB3A2CE929C629C400B2717A /* GoogleService-Info.plist */ = {isa = PBXFileReference; fileEncoding = 4; lastKnownFileType = text.plist.xml; path = "GoogleService-Info.plist"; sourceTree = "<group>"; };
		AB3A2CEB29C62C5F00B2717A /* The-XY-Designer-Info.plist */ = {isa = PBXFileReference; lastKnownFileType = text.plist; path = "The-XY-Designer-Info.plist"; sourceTree = SOURCE_ROOT; };
		AB3A2CEC29C6380D00B2717A /* User.swift */ = {isa = PBXFileReference; lastKnownFileType = sourcecode.swift; path = User.swift; sourceTree = "<group>"; };
		AB3A2CF029C6395400B2717A /* RegisterViewModel.swift */ = {isa = PBXFileReference; lastKnownFileType = sourcecode.swift; path = RegisterViewModel.swift; sourceTree = "<group>"; };
		AB3A2CF229C64DD700B2717A /* Validator.swift */ = {isa = PBXFileReference; lastKnownFileType = sourcecode.swift; path = Validator.swift; sourceTree = "<group>"; };
		AB44FC5A29E832B400973891 /* Wooden_Bed.scn */ = {isa = PBXFileReference; lastKnownFileType = file.bplist; name = Wooden_Bed.scn; path = "The XY Designer/FurnitureModels/Wooden_Bed.scn"; sourceTree = SOURCE_ROOT; };
		AB44FC6229E83B7800973891 /* BuildRoom3DModels.swift */ = {isa = PBXFileReference; lastKnownFileType = sourcecode.swift; path = BuildRoom3DModels.swift; sourceTree = "<group>"; };
		AB4CCA9C29E19D39007E3864 /* SCNNode+Helpers.swift */ = {isa = PBXFileReference; lastKnownFileType = sourcecode.swift; path = "SCNNode+Helpers.swift"; sourceTree = "<group>"; };
		AB4CCA9E29E19D6E007E3864 /* DebugHelpers.swift */ = {isa = PBXFileReference; lastKnownFileType = sourcecode.swift; path = DebugHelpers.swift; sourceTree = "<group>"; };
		AB4CCAA129E1A60F007E3864 /* Entity.swift */ = {isa = PBXFileReference; lastKnownFileType = sourcecode.swift; path = Entity.swift; sourceTree = "<group>"; };
		AB4CCAA429E1A6C7007E3864 /* MaterialNode.swift */ = {isa = PBXFileReference; lastKnownFileType = sourcecode.swift; path = MaterialNode.swift; sourceTree = "<group>"; };
		AB4CCAA729E1B3F6007E3864 /* Control.swift */ = {isa = PBXFileReference; lastKnownFileType = sourcecode.swift; path = Control.swift; sourceTree = "<group>"; };
		AB4E042929E5E22900450517 /* EditNode.swift */ = {isa = PBXFileReference; lastKnownFileType = sourcecode.swift; path = EditNode.swift; sourceTree = "<group>"; };
		AB4E885329EC40ED003FF08A /* ArRoomView.swift */ = {isa = PBXFileReference; lastKnownFileType = sourcecode.swift; path = ArRoomView.swift; sourceTree = "<group>"; };
		AB4E885529EC5009003FF08A /* test.swift */ = {isa = PBXFileReference; lastKnownFileType = sourcecode.swift; path = test.swift; sourceTree = "<group>"; };
		AB59CD2529FC468900B40EA2 /* SceneOptimization.swift */ = {isa = PBXFileReference; lastKnownFileType = sourcecode.swift; path = SceneOptimization.swift; sourceTree = "<group>"; };
		AB5FC6CB29DF6334005FDCA8 /* BuildMyRoom2.swift */ = {isa = PBXFileReference; lastKnownFileType = sourcecode.swift; path = BuildMyRoom2.swift; sourceTree = "<group>"; };
		AB5FC6D129DF65C4005FDCA8 /* Themes.swift */ = {isa = PBXFileReference; lastKnownFileType = sourcecode.swift; path = Themes.swift; sourceTree = "<group>"; };
		AB5FC6D329DF65DD005FDCA8 /* Samples.swift */ = {isa = PBXFileReference; lastKnownFileType = sourcecode.swift; path = Samples.swift; sourceTree = "<group>"; };
		AB5FC6DC29DF78E7005FDCA8 /* defaultLightNode.swift */ = {isa = PBXFileReference; lastKnownFileType = sourcecode.swift; path = defaultLightNode.swift; sourceTree = "<group>"; };
		AB5FC6DE29DF79EF005FDCA8 /* SCNVector3+Extenstions.swift */ = {isa = PBXFileReference; lastKnownFileType = sourcecode.swift; path = "SCNVector3+Extenstions.swift"; sourceTree = "<group>"; };
		AB5FC6E129DF7CFB005FDCA8 /* View3DRoom.swift */ = {isa = PBXFileReference; lastKnownFileType = sourcecode.swift; path = View3DRoom.swift; sourceTree = "<group>"; };
		AB5FC6E429DF8C47005FDCA8 /* SceneRenderereDelegate.swift */ = {isa = PBXFileReference; lastKnownFileType = sourcecode.swift; path = SceneRenderereDelegate.swift; sourceTree = "<group>"; };
		AB61581329FAA35B00F7119A /* SaveScene.swift */ = {isa = PBXFileReference; lastKnownFileType = sourcecode.swift; path = SaveScene.swift; sourceTree = "<group>"; };
		AB7D1AB02A0B71290057AD09 /* Router.swift */ = {isa = PBXFileReference; lastKnownFileType = sourcecode.swift; path = Router.swift; sourceTree = "<group>"; };
		AB7D1AB22A0B71BC0057AD09 /* Test3.swift */ = {isa = PBXFileReference; lastKnownFileType = sourcecode.swift; path = Test3.swift; sourceTree = "<group>"; };
		AB8C6F8E2A1E4D630025614F /* FetchingTextures.swift */ = {isa = PBXFileReference; lastKnownFileType = sourcecode.swift; path = FetchingTextures.swift; sourceTree = "<group>"; };
		AB8E166129F738E4003CC472 /* FetchScene.swift */ = {isa = PBXFileReference; lastKnownFileType = sourcecode.swift; path = FetchScene.swift; sourceTree = "<group>"; };
		AB8E166329F75A19003CC472 /* ThingsToDo.swift */ = {isa = PBXFileReference; lastKnownFileType = sourcecode.swift; path = ThingsToDo.swift; sourceTree = "<group>"; };
		AB8E166529F76093003CC472 /* JsonToScene.swift */ = {isa = PBXFileReference; lastKnownFileType = sourcecode.swift; path = JsonToScene.swift; sourceTree = "<group>"; };
		AB8E166829F760B6003CC472 /* DecodeScene.swift */ = {isa = PBXFileReference; lastKnownFileType = sourcecode.swift; path = DecodeScene.swift; sourceTree = "<group>"; };
		AB8E166E29F76908003CC472 /* PrepareRoomScanData.swift */ = {isa = PBXFileReference; lastKnownFileType = sourcecode.swift; path = PrepareRoomScanData.swift; sourceTree = "<group>"; };
		AB8E167329F77C4E003CC472 /* PrepareJsonToScene.swift */ = {isa = PBXFileReference; lastKnownFileType = sourcecode.swift; path = PrepareJsonToScene.swift; sourceTree = "<group>"; };
		AB8E167529F863B9003CC472 /* BuildMyRoom.swift */ = {isa = PBXFileReference; lastKnownFileType = sourcecode.swift; path = BuildMyRoom.swift; sourceTree = "<group>"; };
		AB8E167729F876BA003CC472 /* BuildMyRoomAssistant.swift */ = {isa = PBXFileReference; lastKnownFileType = sourcecode.swift; path = BuildMyRoomAssistant.swift; sourceTree = "<group>"; };
		AB8E167929F89F58003CC472 /* View3DRoomNew.swift */ = {isa = PBXFileReference; lastKnownFileType = sourcecode.swift; path = View3DRoomNew.swift; sourceTree = "<group>"; };
		AB9B412829CC6805007C02AA /* AuthService.swift */ = {isa = PBXFileReference; lastKnownFileType = sourcecode.swift; path = AuthService.swift; sourceTree = "<group>"; };
		AB9B412A29CC7559007C02AA /* ForgetPassword.swift */ = {isa = PBXFileReference; lastKnownFileType = sourcecode.swift; path = ForgetPassword.swift; sourceTree = "<group>"; };
		AB9B412C29CC7CED007C02AA /* ForgetPasswordViewModel.swift */ = {isa = PBXFileReference; lastKnownFileType = sourcecode.swift; path = ForgetPasswordViewModel.swift; sourceTree = "<group>"; };
		AB9B412E29CC84C8007C02AA /* ProfileViewModel.swift */ = {isa = PBXFileReference; lastKnownFileType = sourcecode.swift; path = ProfileViewModel.swift; sourceTree = "<group>"; };
		AB9B413029CC861C007C02AA /* Profile.swift */ = {isa = PBXFileReference; lastKnownFileType = sourcecode.swift; path = Profile.swift; sourceTree = "<group>"; };
		AB9B44C429DDC4B000A94157 /* RoomCaptureController.swift */ = {isa = PBXFileReference; lastKnownFileType = sourcecode.swift; path = RoomCaptureController.swift; sourceTree = "<group>"; };
		ABAABE3A2A080B7100B480B6 /* EditFurnitureViewModel.swift */ = {isa = PBXFileReference; lastKnownFileType = sourcecode.swift; path = EditFurnitureViewModel.swift; sourceTree = "<group>"; };
		ABAABE3C2A080EDD00B480B6 /* AddEditMaster.swift */ = {isa = PBXFileReference; lastKnownFileType = sourcecode.swift; path = AddEditMaster.swift; sourceTree = "<group>"; };
		ABAABE3E2A081DC100B480B6 /* EditNodeNew.swift */ = {isa = PBXFileReference; lastKnownFileType = sourcecode.swift; path = EditNodeNew.swift; sourceTree = "<group>"; };
		ABAC685F29EAF1B10085D90D /* Show3DModels.swift */ = {isa = PBXFileReference; lastKnownFileType = sourcecode.swift; path = Show3DModels.swift; sourceTree = "<group>"; };
		ABAC686129EB2F540085D90D /* ShowTextures.swift */ = {isa = PBXFileReference; lastKnownFileType = sourcecode.swift; path = ShowTextures.swift; sourceTree = "<group>"; };
		ABAE2E622A1FA1D500330A4F /* Texures.swift */ = {isa = PBXFileReference; lastKnownFileType = sourcecode.swift; path = Texures.swift; sourceTree = "<group>"; };
		ABAE2E642A268BDC00330A4F /* sink2.usdz */ = {isa = PBXFileReference; lastKnownFileType = file.usdz; path = sink2.usdz; sourceTree = "<group>"; };
		ABAE2E652A268BDC00330A4F /* table2.usdz */ = {isa = PBXFileReference; lastKnownFileType = file.usdz; path = table2.usdz; sourceTree = "<group>"; };
		ABAE2E662A268BDC00330A4F /* storage4.usdz */ = {isa = PBXFileReference; lastKnownFileType = file.usdz; path = storage4.usdz; sourceTree = "<group>"; };
		ABAE2E672A268BDC00330A4F /* chair.usdz */ = {isa = PBXFileReference; lastKnownFileType = file.usdz; path = chair.usdz; sourceTree = "<group>"; };
		ABAE2E682A268BDC00330A4F /* oven.usdz */ = {isa = PBXFileReference; lastKnownFileType = file.usdz; path = oven.usdz; sourceTree = "<group>"; };
		ABAE2E692A268BDC00330A4F /* bed.usdz */ = {isa = PBXFileReference; lastKnownFileType = file.usdz; path = bed.usdz; sourceTree = "<group>"; };
		ABAE2E6A2A268BDC00330A4F /* oven3.usdz */ = {isa = PBXFileReference; lastKnownFileType = file.usdz; path = oven3.usdz; sourceTree = "<group>"; };
		ABAE2E6B2A268BDC00330A4F /* dryer.usdz */ = {isa = PBXFileReference; lastKnownFileType = file.usdz; path = dryer.usdz; sourceTree = "<group>"; };
		ABAE2E6D2A268BDD00330A4F /* chair4.usdz */ = {isa = PBXFileReference; lastKnownFileType = file.usdz; path = chair4.usdz; sourceTree = "<group>"; };
		ABAE2E6F2A268BDD00330A4F /* bathtub.usdz */ = {isa = PBXFileReference; lastKnownFileType = file.usdz; path = bathtub.usdz; sourceTree = "<group>"; };
		ABAE2E702A268BDD00330A4F /* refrigerator2.usdz */ = {isa = PBXFileReference; lastKnownFileType = file.usdz; path = refrigerator2.usdz; sourceTree = "<group>"; };
		ABAE2E712A268BDD00330A4F /* chair3.usdz */ = {isa = PBXFileReference; lastKnownFileType = file.usdz; path = chair3.usdz; sourceTree = "<group>"; };
		ABAE2E722A268BDD00330A4F /* sink3.usdz */ = {isa = PBXFileReference; lastKnownFileType = file.usdz; path = sink3.usdz; sourceTree = "<group>"; };
		ABAE2E732A268BDD00330A4F /* storage5.usdz */ = {isa = PBXFileReference; lastKnownFileType = file.usdz; path = storage5.usdz; sourceTree = "<group>"; };
		ABAE2E742A268BDD00330A4F /* stove.usdz */ = {isa = PBXFileReference; lastKnownFileType = file.usdz; path = stove.usdz; sourceTree = "<group>"; };
		ABAE2E752A268BDD00330A4F /* table.usdz */ = {isa = PBXFileReference; lastKnownFileType = file.usdz; path = table.usdz; sourceTree = "<group>"; };
		ABAE2E762A268BDE00330A4F /* toilet2.usdz */ = {isa = PBXFileReference; lastKnownFileType = file.usdz; path = toilet2.usdz; sourceTree = "<group>"; };
		ABAE2E772A268BDE00330A4F /* oven2.usdz */ = {isa = PBXFileReference; lastKnownFileType = file.usdz; path = oven2.usdz; sourceTree = "<group>"; };
		ABAE2E792A268BDE00330A4F /* toilet.usdz */ = {isa = PBXFileReference; lastKnownFileType = file.usdz; path = toilet.usdz; sourceTree = "<group>"; };
		ABAE2E7A2A268BDE00330A4F /* storage3.usdz */ = {isa = PBXFileReference; lastKnownFileType = file.usdz; path = storage3.usdz; sourceTree = "<group>"; };
		ABAE2E7B2A268BDE00330A4F /* chair2.usdz */ = {isa = PBXFileReference; lastKnownFileType = file.usdz; path = chair2.usdz; sourceTree = "<group>"; };
		ABAE2E7C2A268BDE00330A4F /* sofa2.usdz */ = {isa = PBXFileReference; lastKnownFileType = file.usdz; path = sofa2.usdz; sourceTree = "<group>"; };
		ABAE2E7D2A268BDE00330A4F /* table3.usdz */ = {isa = PBXFileReference; lastKnownFileType = file.usdz; path = table3.usdz; sourceTree = "<group>"; };
		ABAE2E7F2A268BDF00330A4F /* dishwasher.usdz */ = {isa = PBXFileReference; lastKnownFileType = file.usdz; path = dishwasher.usdz; sourceTree = "<group>"; };
		ABAE2E802A268BDF00330A4F /* storage6.usdz */ = {isa = PBXFileReference; lastKnownFileType = file.usdz; path = storage6.usdz; sourceTree = "<group>"; };
		ABAE2E812A268BDF00330A4F /* storage2.usdz */ = {isa = PBXFileReference; lastKnownFileType = file.usdz; path = storage2.usdz; sourceTree = "<group>"; };
		ABAE2E822A268BDF00330A4F /* monitor.usdz */ = {isa = PBXFileReference; lastKnownFileType = file.usdz; path = monitor.usdz; sourceTree = "<group>"; };
		ABAE2E832A268BDF00330A4F /* stove2.usdz */ = {isa = PBXFileReference; lastKnownFileType = file.usdz; path = stove2.usdz; sourceTree = "<group>"; };
		ABAE2E842A268BDF00330A4F /* sink.usdz */ = {isa = PBXFileReference; lastKnownFileType = file.usdz; path = sink.usdz; sourceTree = "<group>"; };
		ABAE2E852A268BDF00330A4F /* monitor2.usdz */ = {isa = PBXFileReference; lastKnownFileType = file.usdz; path = monitor2.usdz; sourceTree = "<group>"; };
		ABAE2E862A268BDF00330A4F /* washing.usdz */ = {isa = PBXFileReference; lastKnownFileType = file.usdz; path = washing.usdz; sourceTree = "<group>"; };
		ABAE2E872A268BE000330A4F /* window.usdz */ = {isa = PBXFileReference; lastKnownFileType = file.usdz; path = window.usdz; sourceTree = "<group>"; };
		ABAE2E882A268BE000330A4F /* storage.usdz */ = {isa = PBXFileReference; lastKnownFileType = file.usdz; path = storage.usdz; sourceTree = "<group>"; };
		ABAE2E892A268BE000330A4F /* window2.usdz */ = {isa = PBXFileReference; lastKnownFileType = file.usdz; path = window2.usdz; sourceTree = "<group>"; };
		ABAE2E8A2A268BE000330A4F /* monitor3.usdz */ = {isa = PBXFileReference; lastKnownFileType = file.usdz; path = monitor3.usdz; sourceTree = "<group>"; };
		ABAE2E8B2A268BE000330A4F /* fireblace.usdz */ = {isa = PBXFileReference; lastKnownFileType = file.usdz; path = fireblace.usdz; sourceTree = "<group>"; };
		ABAE2E8C2A268BE000330A4F /* bed2.usdz */ = {isa = PBXFileReference; lastKnownFileType = file.usdz; path = bed2.usdz; sourceTree = "<group>"; };
		ABAE2E8D2A268BE000330A4F /* sofa.usdz */ = {isa = PBXFileReference; lastKnownFileType = file.usdz; path = sofa.usdz; sourceTree = "<group>"; };
		ABAE2E8E2A268BE000330A4F /* refrigerator.usdz */ = {isa = PBXFileReference; lastKnownFileType = file.usdz; path = refrigerator.usdz; sourceTree = "<group>"; };
		ABAE2EBA2A268D6500330A4F /* door3.usdz */ = {isa = PBXFileReference; lastKnownFileType = file.usdz; path = door3.usdz; sourceTree = "<group>"; };
		ABAE2EBB2A268D6500330A4F /* door4.usdz */ = {isa = PBXFileReference; lastKnownFileType = file.usdz; path = door4.usdz; sourceTree = "<group>"; };
		ABAE2EBC2A268D6500330A4F /* door.usdz */ = {isa = PBXFileReference; lastKnownFileType = file.usdz; path = door.usdz; sourceTree = "<group>"; };
		ABAE2EBD2A268D6600330A4F /* door2.usdz */ = {isa = PBXFileReference; lastKnownFileType = file.usdz; path = door2.usdz; sourceTree = "<group>"; };
		ABAE511529E2FBA600142BA8 /* ContactDelegate.swift */ = {isa = PBXFileReference; lastKnownFileType = sourcecode.swift; path = ContactDelegate.swift; sourceTree = "<group>"; };
		ABAEBA4329CCF85F00EB88E1 /* Home.swift */ = {isa = PBXFileReference; lastKnownFileType = sourcecode.swift; path = Home.swift; sourceTree = "<group>"; };
		ABAEBA4529CD028700EB88E1 /* RoomPlaneApi.swift */ = {isa = PBXFileReference; lastKnownFileType = sourcecode.swift; path = RoomPlaneApi.swift; sourceTree = "<group>"; };
		ABB4CC0029F5225E00D6278A /* UI-Image.swift */ = {isa = PBXFileReference; lastKnownFileType = sourcecode.swift; path = "UI-Image.swift"; sourceTree = "<group>"; };
		ABB4CC0229F5503700D6278A /* SceneToJson.swift */ = {isa = PBXFileReference; lastKnownFileType = sourcecode.swift; path = SceneToJson.swift; sourceTree = "<group>"; };
		ABB4CC0429F5504600D6278A /* testJson.swift */ = {isa = PBXFileReference; lastKnownFileType = sourcecode.swift; path = testJson.swift; sourceTree = "<group>"; };
		ABB862E829F5A0DF00C7D241 /* UIApplication.swift */ = {isa = PBXFileReference; lastKnownFileType = sourcecode.swift; path = UIApplication.swift; sourceTree = "<group>"; };
		ABB862EB29F5E09F00C7D241 /* UploadScene.swift */ = {isa = PBXFileReference; lastKnownFileType = sourcecode.swift; path = UploadScene.swift; sourceTree = "<group>"; };
		ABB862ED29F5F0EA00C7D241 /* ManageSceneDataBase.swift */ = {isa = PBXFileReference; lastKnownFileType = sourcecode.swift; path = ManageSceneDataBase.swift; sourceTree = "<group>"; };
		ABBE27E629E61BB5003656E3 /* EditFurniture.swift */ = {isa = PBXFileReference; lastKnownFileType = sourcecode.swift; path = EditFurniture.swift; sourceTree = "<group>"; };
		ABD54DC929C49FE3000E7506 /* The XY Designer.app */ = {isa = PBXFileReference; explicitFileType = wrapper.application; includeInIndex = 0; path = "The XY Designer.app"; sourceTree = BUILT_PRODUCTS_DIR; };
		ABD54DCC29C49FE3000E7506 /* The_XY_DesignerApp.swift */ = {isa = PBXFileReference; lastKnownFileType = sourcecode.swift; path = The_XY_DesignerApp.swift; sourceTree = "<group>"; };
		ABD54DCE29C49FE3000E7506 /* MainView.swift */ = {isa = PBXFileReference; lastKnownFileType = sourcecode.swift; path = MainView.swift; sourceTree = "<group>"; };
		ABD54DD029C49FE4000E7506 /* Assets.xcassets */ = {isa = PBXFileReference; lastKnownFileType = folder.assetcatalog; path = Assets.xcassets; sourceTree = "<group>"; };
		ABD54DD329C49FE4000E7506 /* Preview Assets.xcassets */ = {isa = PBXFileReference; lastKnownFileType = folder.assetcatalog; path = "Preview Assets.xcassets"; sourceTree = "<group>"; };
		ABD54DDE29C4A1DC000E7506 /* CustomTabBar.swift */ = {isa = PBXFileReference; lastKnownFileType = sourcecode.swift; path = CustomTabBar.swift; sourceTree = "<group>"; };
		ABD54DE129C4BE02000E7506 /* Login.swift */ = {isa = PBXFileReference; lastKnownFileType = sourcecode.swift; path = Login.swift; sourceTree = "<group>"; };
		ABD54DE329C4BE10000E7506 /* Register.swift */ = {isa = PBXFileReference; lastKnownFileType = sourcecode.swift; path = Register.swift; sourceTree = "<group>"; };
		ABD54DF429C4CA17000E7506 /* CustomTextField.swift */ = {isa = PBXFileReference; lastKnownFileType = sourcecode.swift; path = CustomTextField.swift; sourceTree = "<group>"; };
		ABD54DF629C4CCA3000E7506 /* LoginViewModel.swift */ = {isa = PBXFileReference; lastKnownFileType = sourcecode.swift; path = LoginViewModel.swift; sourceTree = "<group>"; };
		ABD54DF829C4D091000E7506 /* SecureTextField.swift */ = {isa = PBXFileReference; lastKnownFileType = sourcecode.swift; path = SecureTextField.swift; sourceTree = "<group>"; };
		ABEE93432A098BD20023DFFF /* ShowDominantColors.swift */ = {isa = PBXFileReference; lastKnownFileType = sourcecode.swift; path = ShowDominantColors.swift; sourceTree = "<group>"; };
		ABEE93452A09F3CC0023DFFF /* ShowDimenstions.swift */ = {isa = PBXFileReference; lastKnownFileType = sourcecode.swift; path = ShowDimenstions.swift; sourceTree = "<group>"; };
		ABEE93482A09FF0B0023DFFF /* ShowGallery.swift */ = {isa = PBXFileReference; lastKnownFileType = sourcecode.swift; path = ShowGallery.swift; sourceTree = "<group>"; };
		ABFC200329E4DDFB003827CF /* UIColor.swift */ = {isa = PBXFileReference; lastKnownFileType = sourcecode.swift; path = UIColor.swift; sourceTree = "<group>"; };
		ABFD29DC2A193FB7002FC8E0 /* Row.swift */ = {isa = PBXFileReference; lastKnownFileType = sourcecode.swift; path = Row.swift; sourceTree = "<group>"; };
		ABFD29DE2A195970002FC8E0 /* deleteScene.swift */ = {isa = PBXFileReference; lastKnownFileType = sourcecode.swift; path = deleteScene.swift; sourceTree = "<group>"; };
/* End PBXFileReference section */

/* Begin PBXFrameworksBuildPhase section */
		ABD54DC629C49FE3000E7506 /* Frameworks */ = {
			isa = PBXFrameworksBuildPhase;
			buildActionMask = 2147483647;
			files = (
				ABD54DF029C4C439000E7506 /* GoogleSignIn in Frameworks */,
				ABD54DE729C4C30C000E7506 /* FirebaseAuth in Frameworks */,
				ABB1465529F9C4F300CC9EBD /* SwiftUIJoystick in Frameworks */,
				AB8C6F8B2A1E4CE60025614F /* SDWebImageSwiftUI in Frameworks */,
				ABD54DED29C4C30C000E7506 /* FirebaseStorage in Frameworks */,
				ABD54DF229C4C439000E7506 /* GoogleSignInSwift in Frameworks */,
				ABD54DE929C4C30C000E7506 /* FirebaseFirestore in Frameworks */,
				ABFC200229E4D54D003827CF /* ColorKit in Frameworks */,
				ABD54DEB29C4C30C000E7506 /* FirebaseFirestoreSwift in Frameworks */,
			);
			runOnlyForDeploymentPostprocessing = 0;
		};
/* End PBXFrameworksBuildPhase section */

/* Begin PBXGroup section */
		AB00AE9229E0A92A0091085D /* Extenstions */ = {
			isa = PBXGroup;
			children = (
				AB00AE9329E0A9410091085D /* UserDefaults.swift */,
				ABFC200329E4DDFB003827CF /* UIColor.swift */,
				ABB4CC0029F5225E00D6278A /* UI-Image.swift */,
				ABB862E829F5A0DF00C7D241 /* UIApplication.swift */,
			);
			path = Extenstions;
			sourceTree = "<group>";
		};
		AB44FC4D29E8314F00973891 /* FurnitureModels */ = {
			isa = PBXGroup;
			children = (
				AB44FC5729E8326400973891 /* SCN */,
				AB44FC5629E8325900973891 /* USDZ */,
			);
			path = FurnitureModels;
			sourceTree = "<group>";
		};
		AB44FC5629E8325900973891 /* USDZ */ = {
			isa = PBXGroup;
			children = (
				ABAE2EBC2A268D6500330A4F /* door.usdz */,
				ABAE2EBD2A268D6600330A4F /* door2.usdz */,
				ABAE2EBA2A268D6500330A4F /* door3.usdz */,
				ABAE2EBB2A268D6500330A4F /* door4.usdz */,
				ABAE2E6F2A268BDD00330A4F /* bathtub.usdz */,
				ABAE2E692A268BDC00330A4F /* bed.usdz */,
				ABAE2E8C2A268BE000330A4F /* bed2.usdz */,
				ABAE2E672A268BDC00330A4F /* chair.usdz */,
				ABAE2E7B2A268BDE00330A4F /* chair2.usdz */,
				ABAE2E712A268BDD00330A4F /* chair3.usdz */,
				ABAE2E6D2A268BDD00330A4F /* chair4.usdz */,
				ABAE2E7F2A268BDF00330A4F /* dishwasher.usdz */,
				ABAE2E6B2A268BDC00330A4F /* dryer.usdz */,
				ABAE2E8B2A268BE000330A4F /* fireblace.usdz */,
				ABAE2E822A268BDF00330A4F /* monitor.usdz */,
				ABAE2E852A268BDF00330A4F /* monitor2.usdz */,
				ABAE2E8A2A268BE000330A4F /* monitor3.usdz */,
				ABAE2E682A268BDC00330A4F /* oven.usdz */,
				ABAE2E772A268BDE00330A4F /* oven2.usdz */,
				ABAE2E6A2A268BDC00330A4F /* oven3.usdz */,
				ABAE2E8E2A268BE000330A4F /* refrigerator.usdz */,
				ABAE2E702A268BDD00330A4F /* refrigerator2.usdz */,
				ABAE2E842A268BDF00330A4F /* sink.usdz */,
				ABAE2E642A268BDC00330A4F /* sink2.usdz */,
				ABAE2E722A268BDD00330A4F /* sink3.usdz */,
				ABAE2E8D2A268BE000330A4F /* sofa.usdz */,
				ABAE2E7C2A268BDE00330A4F /* sofa2.usdz */,
				ABAE2E882A268BE000330A4F /* storage.usdz */,
				ABAE2E812A268BDF00330A4F /* storage2.usdz */,
				ABAE2E7A2A268BDE00330A4F /* storage3.usdz */,
				ABAE2E662A268BDC00330A4F /* storage4.usdz */,
				ABAE2E732A268BDD00330A4F /* storage5.usdz */,
				ABAE2E802A268BDF00330A4F /* storage6.usdz */,
				ABAE2E742A268BDD00330A4F /* stove.usdz */,
				ABAE2E832A268BDF00330A4F /* stove2.usdz */,
				ABAE2E752A268BDD00330A4F /* table.usdz */,
				ABAE2E652A268BDC00330A4F /* table2.usdz */,
				ABAE2E7D2A268BDE00330A4F /* table3.usdz */,
				ABAE2E792A268BDE00330A4F /* toilet.usdz */,
				ABAE2E762A268BDE00330A4F /* toilet2.usdz */,
				ABAE2E862A268BDF00330A4F /* washing.usdz */,
				ABAE2E872A268BE000330A4F /* window.usdz */,
				ABAE2E892A268BE000330A4F /* window2.usdz */,
			);
			path = USDZ;
			sourceTree = "<group>";
		};
		AB44FC5729E8326400973891 /* SCN */ = {
			isa = PBXGroup;
			children = (
				AB44FC5A29E832B400973891 /* Wooden_Bed.scn */,
			);
			path = SCN;
			sourceTree = "<group>";
		};
		AB4CCAA629E1B3E8007E3864 /* Control */ = {
			isa = PBXGroup;
			children = (
				AB4CCAA729E1B3F6007E3864 /* Control.swift */,
			);
			path = Control;
			sourceTree = "<group>";
		};
		AB5FC6C729DF6046005FDCA8 /* Authentication */ = {
			isa = PBXGroup;
			children = (
				AB9B412829CC6805007C02AA /* AuthService.swift */,
				ABD54DF629C4CCA3000E7506 /* LoginViewModel.swift */,
				AB3A2CF029C6395400B2717A /* RegisterViewModel.swift */,
				AB9B412E29CC84C8007C02AA /* ProfileViewModel.swift */,
				AB9B412C29CC7CED007C02AA /* ForgetPasswordViewModel.swift */,
			);
			path = Authentication;
			sourceTree = "<group>";
		};
		AB5FC6C829DF6074005FDCA8 /* RoomBuilder */ = {
			isa = PBXGroup;
			children = (
				AB8E166E29F76908003CC472 /* PrepareRoomScanData.swift */,
				AB8E167529F863B9003CC472 /* BuildMyRoom.swift */,
				AB8E167729F876BA003CC472 /* BuildMyRoomAssistant.swift */,
				AB9B44C429DDC4B000A94157 /* RoomCaptureController.swift */,
				ABAABE3C2A080EDD00B480B6 /* AddEditMaster.swift */,
				AB1D53352A03E99D00C1BA8F /* AddFurnitureViewModel.swift */,
				ABAABE3A2A080B7100B480B6 /* EditFurnitureViewModel.swift */,
			);
			path = RoomBuilder;
			sourceTree = "<group>";
		};
		AB5FC6D029DF65A7005FDCA8 /* Mocks */ = {
			isa = PBXGroup;
			children = (
				AB5FC6D129DF65C4005FDCA8 /* Themes.swift */,
				AB5FC6D329DF65DD005FDCA8 /* Samples.swift */,
			);
			path = Mocks;
			sourceTree = "<group>";
		};
		AB5FC6DB29DF78CA005FDCA8 /* Scene */ = {
			isa = PBXGroup;
			children = (
				AB4CCAA629E1B3E8007E3864 /* Control */,
				AB5FC6E329DF8C15005FDCA8 /* Hacks */,
				AB5FC6D029DF65A7005FDCA8 /* Mocks */,
				AB5FC6DC29DF78E7005FDCA8 /* defaultLightNode.swift */,
				AB5FC6DE29DF79EF005FDCA8 /* SCNVector3+Extenstions.swift */,
				AB4CCA9C29E19D39007E3864 /* SCNNode+Helpers.swift */,
				AB4CCA9E29E19D6E007E3864 /* DebugHelpers.swift */,
				ABAE511529E2FBA600142BA8 /* ContactDelegate.swift */,
			);
			path = Scene;
			sourceTree = "<group>";
		};
		AB5FC6E029DF7CAC005FDCA8 /* Room */ = {
			isa = PBXGroup;
			children = (
				ABAEBA4529CD028700EB88E1 /* RoomPlaneApi.swift */,
				AB61581329FAA35B00F7119A /* SaveScene.swift */,
				AB8E167929F89F58003CC472 /* View3DRoomNew.swift */,
				AB1D533B2A05679000C1BA8F /* Controls.swift */,
				AB4E885329EC40ED003FF08A /* ArRoomView.swift */,
				ABEE93472A09FCEE0023DFFF /* AddEditRoom */,
				AB4E885529EC5009003FF08A /* test.swift */,
			);
			path = Room;
			sourceTree = "<group>";
		};
		AB5FC6E329DF8C15005FDCA8 /* Hacks */ = {
			isa = PBXGroup;
			children = (
				AB5FC6E429DF8C47005FDCA8 /* SceneRenderereDelegate.swift */,
			);
			path = Hacks;
			sourceTree = "<group>";
		};
		AB8C6F842A1E48A00025614F /* Textures */ = {
			isa = PBXGroup;
			children = (
				AB8C6F8E2A1E4D630025614F /* FetchingTextures.swift */,
			);
			path = Textures;
			sourceTree = "<group>";
		};
		AB8E165C29F73770003CC472 /* SceneManegement */ = {
			isa = PBXGroup;
			children = (
				ABB862ED29F5F0EA00C7D241 /* ManageSceneDataBase.swift */,
				AB59CD2529FC468900B40EA2 /* SceneOptimization.swift */,
			);
			path = SceneManegement;
			sourceTree = "<group>";
		};
		AB8E167229F77BFF003CC472 /* Json */ = {
			isa = PBXGroup;
			children = (
				ABB4CC0229F5503700D6278A /* SceneToJson.swift */,
				AB8E166529F76093003CC472 /* JsonToScene.swift */,
				AB8E166829F760B6003CC472 /* DecodeScene.swift */,
				AB8E167329F77C4E003CC472 /* PrepareJsonToScene.swift */,
			);
			path = Json;
			sourceTree = "<group>";
		};
		AB91E12229E8BD93009A7F57 /* Room */ = {
			isa = PBXGroup;
			children = (
				AB4CCAA129E1A60F007E3864 /* Entity.swift */,
				AB4CCAA429E1A6C7007E3864 /* MaterialNode.swift */,
				ABBE27E629E61BB5003656E3 /* EditFurniture.swift */,
				AB44FC6229E83B7800973891 /* BuildRoom3DModels.swift */,
				AB8E167229F77BFF003CC472 /* Json */,
			);
			path = Room;
			sourceTree = "<group>";
		};
		ABAE2E612A1FA1C300330A4F /* Local Data */ = {
			isa = PBXGroup;
			children = (
				ABAE2E622A1FA1D500330A4F /* Texures.swift */,
			);
			path = "Local Data";
			sourceTree = "<group>";
		};
		ABB1464929F9A9BE00CC9EBD /* Trash */ = {
			isa = PBXGroup;
			children = (
				AB8E166329F75A19003CC472 /* ThingsToDo.swift */,
				ABB4CC0429F5504600D6278A /* testJson.swift */,
				AB5FC6CB29DF6334005FDCA8 /* BuildMyRoom2.swift */,
				AB00AE9029E0A8E90091085D /* tempRoomStruct.swift */,
				AB00AE9729E0ACF60091085D /* view3DRoomTemp.swift */,
				AB5FC6E129DF7CFB005FDCA8 /* View3DRoom.swift */,
				AB4E042929E5E22900450517 /* EditNode.swift */,
			);
			path = Trash;
			sourceTree = "<group>";
		};
		ABB862EA29F5E07F00C7D241 /* sceneDatabase */ = {
			isa = PBXGroup;
			children = (
				ABB862EB29F5E09F00C7D241 /* UploadScene.swift */,
				AB8E166129F738E4003CC472 /* FetchScene.swift */,
				ABFD29DE2A195970002FC8E0 /* deleteScene.swift */,
			);
			path = sceneDatabase;
			sourceTree = "<group>";
		};
		ABD54DC029C49FE3000E7506 = {
			isa = PBXGroup;
			children = (
				ABD54DCB29C49FE3000E7506 /* The XY Designer */,
				ABD54DCA29C49FE3000E7506 /* Products */,
			);
			sourceTree = "<group>";
		};
		ABD54DCA29C49FE3000E7506 /* Products */ = {
			isa = PBXGroup;
			children = (
				ABD54DC929C49FE3000E7506 /* The XY Designer.app */,
			);
			name = Products;
			sourceTree = "<group>";
		};
		ABD54DCB29C49FE3000E7506 /* The XY Designer */ = {
			isa = PBXGroup;
			children = (
				ABB1464929F9A9BE00CC9EBD /* Trash */,
				AB44FC4D29E8314F00973891 /* FurnitureModels */,
				AB3A2CEB29C62C5F00B2717A /* The-XY-Designer-Info.plist */,
				AB3A2CE929C629C400B2717A /* GoogleService-Info.plist */,
				ABAE2E612A1FA1C300330A4F /* Local Data */,
				ABD54DDC29C4A18A000E7506 /* Model */,
				ABD54DDB29C4A17F000E7506 /* ViewModel */,
				ABD54DDA29C4A173000E7506 /* View */,
				AB5FC6DB29DF78CA005FDCA8 /* Scene */,
				AB00AE9229E0A92A0091085D /* Extenstions */,
				ABD54DD029C49FE4000E7506 /* Assets.xcassets */,
				ABD54DD229C49FE4000E7506 /* Preview Content */,
			);
			path = "The XY Designer";
			sourceTree = "<group>";
		};
		ABD54DD229C49FE4000E7506 /* Preview Content */ = {
			isa = PBXGroup;
			children = (
				ABD54DD329C49FE4000E7506 /* Preview Assets.xcassets */,
			);
			path = "Preview Content";
			sourceTree = "<group>";
		};
		ABD54DDA29C4A173000E7506 /* View */ = {
			isa = PBXGroup;
			children = (
				ABD54DF329C4C9F2000E7506 /* Customs */,
				ABD54DDD29C4A1AB000E7506 /* CustomTabBar */,
				ABD54DE029C4BDD9000E7506 /* Authentication */,
				AB5FC6E029DF7CAC005FDCA8 /* Room */,
				ABFD29DC2A193FB7002FC8E0 /* Row.swift */,
				ABAEBA4329CCF85F00EB88E1 /* Home.swift */,
				ABD54DCE29C49FE3000E7506 /* MainView.swift */,
				ABD54DCC29C49FE3000E7506 /* The_XY_DesignerApp.swift */,
				AB7D1AB02A0B71290057AD09 /* Router.swift */,
				AB7D1AB22A0B71BC0057AD09 /* Test3.swift */,
			);
			path = View;
			sourceTree = "<group>";
		};
		ABD54DDB29C4A17F000E7506 /* ViewModel */ = {
			isa = PBXGroup;
			children = (
				AB8C6F842A1E48A00025614F /* Textures */,
				ABB862EA29F5E07F00C7D241 /* sceneDatabase */,
				AB5FC6C729DF6046005FDCA8 /* Authentication */,
				AB5FC6C829DF6074005FDCA8 /* RoomBuilder */,
			);
			path = ViewModel;
			sourceTree = "<group>";
		};
		ABD54DDC29C4A18A000E7506 /* Model */ = {
			isa = PBXGroup;
			children = (
				AB8E165C29F73770003CC472 /* SceneManegement */,
				AB91E12229E8BD93009A7F57 /* Room */,
				AB3A2CEC29C6380D00B2717A /* User.swift */,
			);
			path = Model;
			sourceTree = "<group>";
		};
		ABD54DDD29C4A1AB000E7506 /* CustomTabBar */ = {
			isa = PBXGroup;
			children = (
				ABD54DDE29C4A1DC000E7506 /* CustomTabBar.swift */,
			);
			path = CustomTabBar;
			sourceTree = "<group>";
		};
		ABD54DE029C4BDD9000E7506 /* Authentication */ = {
			isa = PBXGroup;
			children = (
				ABD54DE129C4BE02000E7506 /* Login.swift */,
				ABD54DE329C4BE10000E7506 /* Register.swift */,
				AB9B412A29CC7559007C02AA /* ForgetPassword.swift */,
				AB9B413029CC861C007C02AA /* Profile.swift */,
			);
			path = Authentication;
			sourceTree = "<group>";
		};
		ABD54DF329C4C9F2000E7506 /* Customs */ = {
			isa = PBXGroup;
			children = (
				ABD54DF429C4CA17000E7506 /* CustomTextField.swift */,
				AB1D53392A040B6A00C1BA8F /* CustomTextFieldCenter.swift */,
				ABD54DF829C4D091000E7506 /* SecureTextField.swift */,
				AB3A2CF229C64DD700B2717A /* Validator.swift */,
			);
			path = Customs;
			sourceTree = "<group>";
		};
		ABEE93472A09FCEE0023DFFF /* AddEditRoom */ = {
			isa = PBXGroup;
			children = (
				AB1D53332A03E91800C1BA8F /* AddFurniture.swift */,
				ABAABE3E2A081DC100B480B6 /* EditNodeNew.swift */,
				ABEE93452A09F3CC0023DFFF /* ShowDimenstions.swift */,
				ABEE93432A098BD20023DFFF /* ShowDominantColors.swift */,
				ABAC685F29EAF1B10085D90D /* Show3DModels.swift */,
				ABAC686129EB2F540085D90D /* ShowTextures.swift */,
				ABEE93482A09FF0B0023DFFF /* ShowGallery.swift */,
			);
			path = AddEditRoom;
			sourceTree = "<group>";
		};
/* End PBXGroup section */

/* Begin PBXNativeTarget section */
		ABD54DC829C49FE3000E7506 /* The XY Designer */ = {
			isa = PBXNativeTarget;
			buildConfigurationList = ABD54DD729C49FE4000E7506 /* Build configuration list for PBXNativeTarget "The XY Designer" */;
			buildPhases = (
				ABD54DC529C49FE3000E7506 /* Sources */,
				ABD54DC629C49FE3000E7506 /* Frameworks */,
				ABD54DC729C49FE3000E7506 /* Resources */,
			);
			buildRules = (
			);
			dependencies = (
			);
			name = "The XY Designer";
			packageProductDependencies = (
				ABD54DE629C4C30C000E7506 /* FirebaseAuth */,
				ABD54DE829C4C30C000E7506 /* FirebaseFirestore */,
				ABD54DEA29C4C30C000E7506 /* FirebaseFirestoreSwift */,
				ABD54DEC29C4C30C000E7506 /* FirebaseStorage */,
				ABD54DEF29C4C439000E7506 /* GoogleSignIn */,
				ABD54DF129C4C439000E7506 /* GoogleSignInSwift */,
				ABFC200129E4D54D003827CF /* ColorKit */,
				ABB1465429F9C4F300CC9EBD /* SwiftUIJoystick */,
				AB8C6F8A2A1E4CE60025614F /* SDWebImageSwiftUI */,
			);
			productName = "The XY Designer";
			productReference = ABD54DC929C49FE3000E7506 /* The XY Designer.app */;
			productType = "com.apple.product-type.application";
		};
/* End PBXNativeTarget section */

/* Begin PBXProject section */
		ABD54DC129C49FE3000E7506 /* Project object */ = {
			isa = PBXProject;
			attributes = {
				BuildIndependentTargetsInParallel = 1;
				LastSwiftUpdateCheck = 1420;
				LastUpgradeCheck = 1420;
				TargetAttributes = {
					ABD54DC829C49FE3000E7506 = {
						CreatedOnToolsVersion = 14.2;
					};
				};
			};
			buildConfigurationList = ABD54DC429C49FE3000E7506 /* Build configuration list for PBXProject "The XY Designer" */;
			compatibilityVersion = "Xcode 14.0";
			developmentRegion = en;
			hasScannedForEncodings = 0;
			knownRegions = (
				en,
				Base,
			);
			mainGroup = ABD54DC029C49FE3000E7506;
			packageReferences = (
				ABD54DE529C4C30C000E7506 /* XCRemoteSwiftPackageReference "firebase-ios-sdk" */,
				ABD54DEE29C4C439000E7506 /* XCRemoteSwiftPackageReference "GoogleSignIn-iOS" */,
				ABFC200029E4D54D003827CF /* XCRemoteSwiftPackageReference "ColorKit" */,
				ABB1465329F9C4F300CC9EBD /* XCRemoteSwiftPackageReference "SwiftUIJoystick" */,
				AB8C6F892A1E4CE60025614F /* XCRemoteSwiftPackageReference "SDWebImageSwiftUI" */,
			);
			productRefGroup = ABD54DCA29C49FE3000E7506 /* Products */;
			projectDirPath = "";
			projectRoot = "";
			targets = (
				ABD54DC829C49FE3000E7506 /* The XY Designer */,
			);
		};
/* End PBXProject section */

/* Begin PBXResourcesBuildPhase section */
		ABD54DC729C49FE3000E7506 /* Resources */ = {
			isa = PBXResourcesBuildPhase;
			buildActionMask = 2147483647;
			files = (
				ABAE2E982A268BE000330A4F /* chair4.usdz in Resources */,
				ABAE2EB32A268BE000330A4F /* storage.usdz in Resources */,
				ABAE2E952A268BE000330A4F /* oven3.usdz in Resources */,
				ABD54DD429C49FE4000E7506 /* Preview Assets.xcassets in Resources */,
				ABAE2EBF2A268D6600330A4F /* door4.usdz in Resources */,
				ABAE2EA12A268BE000330A4F /* toilet2.usdz in Resources */,
				ABAE2E9B2A268BE000330A4F /* refrigerator2.usdz in Resources */,
				ABD54DD129C49FE4000E7506 /* Assets.xcassets in Resources */,
				ABAE2EB72A268BE000330A4F /* bed2.usdz in Resources */,
				AB44FC5D29E832B400973891 /* Wooden_Bed.scn in Resources */,
				ABAE2EAB2A268BE000330A4F /* storage6.usdz in Resources */,
				ABAE2EB82A268BE000330A4F /* sofa.usdz in Resources */,
				ABAE2E962A268BE000330A4F /* dryer.usdz in Resources */,
				ABAE2E912A268BE000330A4F /* storage4.usdz in Resources */,
				ABAE2E902A268BE000330A4F /* table2.usdz in Resources */,
				ABAE2EB02A268BE000330A4F /* monitor2.usdz in Resources */,
				ABAE2EB12A268BE000330A4F /* washing.usdz in Resources */,
				ABAE2EB42A268BE000330A4F /* window2.usdz in Resources */,
				ABAE2E9C2A268BE000330A4F /* chair3.usdz in Resources */,
				ABAE2EAC2A268BE000330A4F /* storage2.usdz in Resources */,
				ABAE2EA72A268BE000330A4F /* sofa2.usdz in Resources */,
				ABAE2EB92A268BE000330A4F /* refrigerator.usdz in Resources */,
				ABAE2EA62A268BE000330A4F /* chair2.usdz in Resources */,
				ABAE2EAE2A268BE000330A4F /* stove2.usdz in Resources */,
				ABAE2E9E2A268BE000330A4F /* storage5.usdz in Resources */,
				ABAE2EA42A268BE000330A4F /* toilet.usdz in Resources */,
				ABAE2EB52A268BE000330A4F /* monitor3.usdz in Resources */,
				ABAE2EC02A268D6600330A4F /* door.usdz in Resources */,
				ABAE2E9F2A268BE000330A4F /* stove.usdz in Resources */,
				ABAE2EA82A268BE000330A4F /* table3.usdz in Resources */,
				ABAE2EAA2A268BE000330A4F /* dishwasher.usdz in Resources */,
				ABAE2E9A2A268BE000330A4F /* bathtub.usdz in Resources */,
				ABAE2EAD2A268BE000330A4F /* monitor.usdz in Resources */,
				ABAE2EA22A268BE000330A4F /* oven2.usdz in Resources */,
				ABAE2E922A268BE000330A4F /* chair.usdz in Resources */,
				ABAE2EBE2A268D6600330A4F /* door3.usdz in Resources */,
				ABAE2EB22A268BE000330A4F /* window.usdz in Resources */,
				ABAE2EC12A268D6600330A4F /* door2.usdz in Resources */,
				ABAE2EA02A268BE000330A4F /* table.usdz in Resources */,
				ABAE2E8F2A268BE000330A4F /* sink2.usdz in Resources */,
				ABAE2EAF2A268BE000330A4F /* sink.usdz in Resources */,
				ABAE2E932A268BE000330A4F /* oven.usdz in Resources */,
				ABAE2EB62A268BE000330A4F /* fireblace.usdz in Resources */,
				AB3A2CEA29C629C400B2717A /* GoogleService-Info.plist in Resources */,
				ABAE2EA52A268BE000330A4F /* storage3.usdz in Resources */,
				ABAE2E942A268BE000330A4F /* bed.usdz in Resources */,
				ABAE2E9D2A268BE000330A4F /* sink3.usdz in Resources */,
			);
			runOnlyForDeploymentPostprocessing = 0;
		};
/* End PBXResourcesBuildPhase section */

/* Begin PBXSourcesBuildPhase section */
		ABD54DC529C49FE3000E7506 /* Sources */ = {
			isa = PBXSourcesBuildPhase;
			buildActionMask = 2147483647;
			files = (
				ABEE93442A098BD20023DFFF /* ShowDominantColors.swift in Sources */,
				ABD54DF929C4D091000E7506 /* SecureTextField.swift in Sources */,
				AB3A2CF129C6395400B2717A /* RegisterViewModel.swift in Sources */,
				AB44FC6329E83B7800973891 /* BuildRoom3DModels.swift in Sources */,
				ABB862EE29F5F0EA00C7D241 /* ManageSceneDataBase.swift in Sources */,
				ABAEBA4629CD028700EB88E1 /* RoomPlaneApi.swift in Sources */,
				ABAE511629E2FBA600142BA8 /* ContactDelegate.swift in Sources */,
				AB7D1AB12A0B71290057AD09 /* Router.swift in Sources */,
				AB8E167A29F89F58003CC472 /* View3DRoomNew.swift in Sources */,
				AB7D1AB32A0B71BC0057AD09 /* Test3.swift in Sources */,
				AB8E166F29F76908003CC472 /* PrepareRoomScanData.swift in Sources */,
				AB4E885429EC40ED003FF08A /* ArRoomView.swift in Sources */,
				ABD54DCF29C49FE3000E7506 /* MainView.swift in Sources */,
				ABB862E929F5A0DF00C7D241 /* UIApplication.swift in Sources */,
				AB4CCAA229E1A60F007E3864 /* Entity.swift in Sources */,
				AB1D53362A03E99D00C1BA8F /* AddFurnitureViewModel.swift in Sources */,
				ABD54DDF29C4A1DC000E7506 /* CustomTabBar.swift in Sources */,
				ABFD29DF2A195970002FC8E0 /* deleteScene.swift in Sources */,
				ABEE93462A09F3CD0023DFFF /* ShowDimenstions.swift in Sources */,
				AB5FC6D229DF65C4005FDCA8 /* Themes.swift in Sources */,
				ABB862EC29F5E09F00C7D241 /* UploadScene.swift in Sources */,
				AB8E166429F75A19003CC472 /* ThingsToDo.swift in Sources */,
				AB4CCAA529E1A6C7007E3864 /* MaterialNode.swift in Sources */,
				AB1D53342A03E91800C1BA8F /* AddFurniture.swift in Sources */,
				AB5FC6E229DF7CFB005FDCA8 /* View3DRoom.swift in Sources */,
				ABD54DF529C4CA17000E7506 /* CustomTextField.swift in Sources */,
				ABB4CC0129F5225E00D6278A /* UI-Image.swift in Sources */,
				ABAC686029EAF1B10085D90D /* Show3DModels.swift in Sources */,
				AB59CD2629FC468900B40EA2 /* SceneOptimization.swift in Sources */,
				AB4CCA9F29E19D6E007E3864 /* DebugHelpers.swift in Sources */,
				AB9B412B29CC7559007C02AA /* ForgetPassword.swift in Sources */,
				AB1D533A2A040B6A00C1BA8F /* CustomTextFieldCenter.swift in Sources */,
				ABB4CC0529F5504600D6278A /* testJson.swift in Sources */,
				ABFC200429E4DDFB003827CF /* UIColor.swift in Sources */,
				ABB4CC0329F5503700D6278A /* SceneToJson.swift in Sources */,
				ABAEBA4429CCF85F00EB88E1 /* Home.swift in Sources */,
				AB9B412929CC6805007C02AA /* AuthService.swift in Sources */,
				AB5FC6DD29DF78E7005FDCA8 /* defaultLightNode.swift in Sources */,
				AB4E885629EC5009003FF08A /* test.swift in Sources */,
				AB5FC6DF29DF79EF005FDCA8 /* SCNVector3+Extenstions.swift in Sources */,
				AB3A2CF329C64DD700B2717A /* Validator.swift in Sources */,
				ABD54DCD29C49FE3000E7506 /* The_XY_DesignerApp.swift in Sources */,
				AB5FC6CC29DF6334005FDCA8 /* BuildMyRoom2.swift in Sources */,
				AB5FC6D429DF65DD005FDCA8 /* Samples.swift in Sources */,
				ABBE27E729E61BB5003656E3 /* EditFurniture.swift in Sources */,
				ABAABE3B2A080B7100B480B6 /* EditFurnitureViewModel.swift in Sources */,
				AB8E166229F738E4003CC472 /* FetchScene.swift in Sources */,
				AB8E167429F77C4E003CC472 /* PrepareJsonToScene.swift in Sources */,
				AB61581429FAA35B00F7119A /* SaveScene.swift in Sources */,
				AB4E042A29E5E22900450517 /* EditNode.swift in Sources */,
				AB9B413129CC861C007C02AA /* Profile.swift in Sources */,
				AB9B412F29CC84C8007C02AA /* ProfileViewModel.swift in Sources */,
				AB00AE9829E0ACF60091085D /* view3DRoomTemp.swift in Sources */,
				ABFD29DD2A193FB7002FC8E0 /* Row.swift in Sources */,
				AB00AE9429E0A9410091085D /* UserDefaults.swift in Sources */,
				ABEE93492A09FF0B0023DFFF /* ShowGallery.swift in Sources */,
				AB3A2CED29C6380D00B2717A /* User.swift in Sources */,
				AB8E167829F876BA003CC472 /* BuildMyRoomAssistant.swift in Sources */,
				ABAABE3D2A080EDD00B480B6 /* AddEditMaster.swift in Sources */,
				AB8E167629F863B9003CC472 /* BuildMyRoom.swift in Sources */,
				ABAABE3F2A081DC100B480B6 /* EditNodeNew.swift in Sources */,
				AB4CCAA829E1B3F6007E3864 /* Control.swift in Sources */,
				AB9B412D29CC7CED007C02AA /* ForgetPasswordViewModel.swift in Sources */,
				AB9B44C529DDC4B000A94157 /* RoomCaptureController.swift in Sources */,
				ABD54DE229C4BE02000E7506 /* Login.swift in Sources */,
				ABD54DE429C4BE10000E7506 /* Register.swift in Sources */,
				AB8C6F8F2A1E4D630025614F /* FetchingTextures.swift in Sources */,
				AB4CCA9D29E19D39007E3864 /* SCNNode+Helpers.swift in Sources */,
				ABAC686229EB2F540085D90D /* ShowTextures.swift in Sources */,
				AB8E166929F760B6003CC472 /* DecodeScene.swift in Sources */,
				AB5FC6E529DF8C47005FDCA8 /* SceneRenderereDelegate.swift in Sources */,
				AB8E166629F76093003CC472 /* JsonToScene.swift in Sources */,
				ABAE2E632A1FA1D500330A4F /* Texures.swift in Sources */,
				AB1D533C2A05679000C1BA8F /* Controls.swift in Sources */,
				ABD54DF729C4CCA3000E7506 /* LoginViewModel.swift in Sources */,
				AB00AE9129E0A8E90091085D /* tempRoomStruct.swift in Sources */,
			);
			runOnlyForDeploymentPostprocessing = 0;
		};
/* End PBXSourcesBuildPhase section */

/* Begin XCBuildConfiguration section */
		ABD54DD529C49FE4000E7506 /* Debug */ = {
			isa = XCBuildConfiguration;
			buildSettings = {
				ALWAYS_SEARCH_USER_PATHS = NO;
				CLANG_ANALYZER_NONNULL = YES;
				CLANG_ANALYZER_NUMBER_OBJECT_CONVERSION = YES_AGGRESSIVE;
				CLANG_CXX_LANGUAGE_STANDARD = "gnu++20";
				CLANG_ENABLE_MODULES = YES;
				CLANG_ENABLE_OBJC_ARC = YES;
				CLANG_ENABLE_OBJC_WEAK = YES;
				CLANG_WARN_BLOCK_CAPTURE_AUTORELEASING = YES;
				CLANG_WARN_BOOL_CONVERSION = YES;
				CLANG_WARN_COMMA = YES;
				CLANG_WARN_CONSTANT_CONVERSION = YES;
				CLANG_WARN_DEPRECATED_OBJC_IMPLEMENTATIONS = YES;
				CLANG_WARN_DIRECT_OBJC_ISA_USAGE = YES_ERROR;
				CLANG_WARN_DOCUMENTATION_COMMENTS = YES;
				CLANG_WARN_EMPTY_BODY = YES;
				CLANG_WARN_ENUM_CONVERSION = YES;
				CLANG_WARN_INFINITE_RECURSION = YES;
				CLANG_WARN_INT_CONVERSION = YES;
				CLANG_WARN_NON_LITERAL_NULL_CONVERSION = YES;
				CLANG_WARN_OBJC_IMPLICIT_RETAIN_SELF = YES;
				CLANG_WARN_OBJC_LITERAL_CONVERSION = YES;
				CLANG_WARN_OBJC_ROOT_CLASS = YES_ERROR;
				CLANG_WARN_QUOTED_INCLUDE_IN_FRAMEWORK_HEADER = YES;
				CLANG_WARN_RANGE_LOOP_ANALYSIS = YES;
				CLANG_WARN_STRICT_PROTOTYPES = YES;
				CLANG_WARN_SUSPICIOUS_MOVE = YES;
				CLANG_WARN_UNGUARDED_AVAILABILITY = YES_AGGRESSIVE;
				CLANG_WARN_UNREACHABLE_CODE = YES;
				CLANG_WARN__DUPLICATE_METHOD_MATCH = YES;
				COPY_PHASE_STRIP = NO;
				DEBUG_INFORMATION_FORMAT = dwarf;
				ENABLE_STRICT_OBJC_MSGSEND = YES;
				ENABLE_TESTABILITY = YES;
				GCC_C_LANGUAGE_STANDARD = gnu11;
				GCC_DYNAMIC_NO_PIC = NO;
				GCC_NO_COMMON_BLOCKS = YES;
				GCC_OPTIMIZATION_LEVEL = 0;
				GCC_PREPROCESSOR_DEFINITIONS = (
					"DEBUG=1",
					"$(inherited)",
				);
				GCC_WARN_64_TO_32_BIT_CONVERSION = YES;
				GCC_WARN_ABOUT_RETURN_TYPE = YES_ERROR;
				GCC_WARN_UNDECLARED_SELECTOR = YES;
				GCC_WARN_UNINITIALIZED_AUTOS = YES_AGGRESSIVE;
				GCC_WARN_UNUSED_FUNCTION = YES;
				GCC_WARN_UNUSED_VARIABLE = YES;
				IPHONEOS_DEPLOYMENT_TARGET = 16.2;
				MTL_ENABLE_DEBUG_INFO = INCLUDE_SOURCE;
				MTL_FAST_MATH = YES;
				ONLY_ACTIVE_ARCH = YES;
				SDKROOT = iphoneos;
				SWIFT_ACTIVE_COMPILATION_CONDITIONS = DEBUG;
				SWIFT_OPTIMIZATION_LEVEL = "-Onone";
			};
			name = Debug;
		};
		ABD54DD629C49FE4000E7506 /* Release */ = {
			isa = XCBuildConfiguration;
			buildSettings = {
				ALWAYS_SEARCH_USER_PATHS = NO;
				CLANG_ANALYZER_NONNULL = YES;
				CLANG_ANALYZER_NUMBER_OBJECT_CONVERSION = YES_AGGRESSIVE;
				CLANG_CXX_LANGUAGE_STANDARD = "gnu++20";
				CLANG_ENABLE_MODULES = YES;
				CLANG_ENABLE_OBJC_ARC = YES;
				CLANG_ENABLE_OBJC_WEAK = YES;
				CLANG_WARN_BLOCK_CAPTURE_AUTORELEASING = YES;
				CLANG_WARN_BOOL_CONVERSION = YES;
				CLANG_WARN_COMMA = YES;
				CLANG_WARN_CONSTANT_CONVERSION = YES;
				CLANG_WARN_DEPRECATED_OBJC_IMPLEMENTATIONS = YES;
				CLANG_WARN_DIRECT_OBJC_ISA_USAGE = YES_ERROR;
				CLANG_WARN_DOCUMENTATION_COMMENTS = YES;
				CLANG_WARN_EMPTY_BODY = YES;
				CLANG_WARN_ENUM_CONVERSION = YES;
				CLANG_WARN_INFINITE_RECURSION = YES;
				CLANG_WARN_INT_CONVERSION = YES;
				CLANG_WARN_NON_LITERAL_NULL_CONVERSION = YES;
				CLANG_WARN_OBJC_IMPLICIT_RETAIN_SELF = YES;
				CLANG_WARN_OBJC_LITERAL_CONVERSION = YES;
				CLANG_WARN_OBJC_ROOT_CLASS = YES_ERROR;
				CLANG_WARN_QUOTED_INCLUDE_IN_FRAMEWORK_HEADER = YES;
				CLANG_WARN_RANGE_LOOP_ANALYSIS = YES;
				CLANG_WARN_STRICT_PROTOTYPES = YES;
				CLANG_WARN_SUSPICIOUS_MOVE = YES;
				CLANG_WARN_UNGUARDED_AVAILABILITY = YES_AGGRESSIVE;
				CLANG_WARN_UNREACHABLE_CODE = YES;
				CLANG_WARN__DUPLICATE_METHOD_MATCH = YES;
				COPY_PHASE_STRIP = NO;
				DEBUG_INFORMATION_FORMAT = "dwarf-with-dsym";
				ENABLE_NS_ASSERTIONS = NO;
				ENABLE_STRICT_OBJC_MSGSEND = YES;
				GCC_C_LANGUAGE_STANDARD = gnu11;
				GCC_NO_COMMON_BLOCKS = YES;
				GCC_WARN_64_TO_32_BIT_CONVERSION = YES;
				GCC_WARN_ABOUT_RETURN_TYPE = YES_ERROR;
				GCC_WARN_UNDECLARED_SELECTOR = YES;
				GCC_WARN_UNINITIALIZED_AUTOS = YES_AGGRESSIVE;
				GCC_WARN_UNUSED_FUNCTION = YES;
				GCC_WARN_UNUSED_VARIABLE = YES;
				IPHONEOS_DEPLOYMENT_TARGET = 16.2;
				MTL_ENABLE_DEBUG_INFO = NO;
				MTL_FAST_MATH = YES;
				SDKROOT = iphoneos;
				SWIFT_COMPILATION_MODE = wholemodule;
				SWIFT_OPTIMIZATION_LEVEL = "-O";
				VALIDATE_PRODUCT = YES;
			};
			name = Release;
		};
		ABD54DD829C49FE4000E7506 /* Debug */ = {
			isa = XCBuildConfiguration;
			buildSettings = {
				ASSETCATALOG_COMPILER_APPICON_NAME = AppIcon;
				ASSETCATALOG_COMPILER_GLOBAL_ACCENT_COLOR_NAME = AccentColor;
				CODE_SIGN_STYLE = Automatic;
				CURRENT_PROJECT_VERSION = 1;
				DEVELOPMENT_ASSET_PATHS = "\"The XY Designer/Preview Content\"";
				DEVELOPMENT_TEAM = 3Q8FDFK3WX;
				ENABLE_PREVIEWS = YES;
				GENERATE_INFOPLIST_FILE = YES;
				INFOPLIST_FILE = "The-XY-Designer-Info.plist";
				INFOPLIST_KEY_NSCameraUsageDescription = "We need the camera to scan the room";
				INFOPLIST_KEY_UIApplicationSceneManifest_Generation = YES;
				INFOPLIST_KEY_UIApplicationSupportsIndirectInputEvents = YES;
				INFOPLIST_KEY_UILaunchScreen_Generation = YES;
				INFOPLIST_KEY_UISupportedInterfaceOrientations_iPad = "UIInterfaceOrientationPortrait UIInterfaceOrientationPortraitUpsideDown UIInterfaceOrientationLandscapeLeft UIInterfaceOrientationLandscapeRight";
				INFOPLIST_KEY_UISupportedInterfaceOrientations_iPhone = "UIInterfaceOrientationPortrait UIInterfaceOrientationLandscapeLeft UIInterfaceOrientationLandscapeRight";
				IPHONEOS_DEPLOYMENT_TARGET = 16.4;
				LD_RUNPATH_SEARCH_PATHS = (
					"$(inherited)",
					"@executable_path/Frameworks",
				);
				MARKETING_VERSION = 1.0;
				PRODUCT_BUNDLE_IDENTIFIER = "com.salah.12488.The-XY-Designer";
				PRODUCT_NAME = "$(TARGET_NAME)";
				SWIFT_EMIT_LOC_STRINGS = YES;
				SWIFT_VERSION = 5.0;
				TARGETED_DEVICE_FAMILY = "1,2";
			};
			name = Debug;
		};
		ABD54DD929C49FE4000E7506 /* Release */ = {
			isa = XCBuildConfiguration;
			buildSettings = {
				ASSETCATALOG_COMPILER_APPICON_NAME = AppIcon;
				ASSETCATALOG_COMPILER_GLOBAL_ACCENT_COLOR_NAME = AccentColor;
				CODE_SIGN_STYLE = Automatic;
				CURRENT_PROJECT_VERSION = 1;
				DEVELOPMENT_ASSET_PATHS = "\"The XY Designer/Preview Content\"";
				DEVELOPMENT_TEAM = 3Q8FDFK3WX;
				ENABLE_PREVIEWS = YES;
				GENERATE_INFOPLIST_FILE = YES;
				INFOPLIST_FILE = "The-XY-Designer-Info.plist";
				INFOPLIST_KEY_NSCameraUsageDescription = "We need the camera to scan the room";
				INFOPLIST_KEY_UIApplicationSceneManifest_Generation = YES;
				INFOPLIST_KEY_UIApplicationSupportsIndirectInputEvents = YES;
				INFOPLIST_KEY_UILaunchScreen_Generation = YES;
				INFOPLIST_KEY_UISupportedInterfaceOrientations_iPad = "UIInterfaceOrientationPortrait UIInterfaceOrientationPortraitUpsideDown UIInterfaceOrientationLandscapeLeft UIInterfaceOrientationLandscapeRight";
				INFOPLIST_KEY_UISupportedInterfaceOrientations_iPhone = "UIInterfaceOrientationPortrait UIInterfaceOrientationLandscapeLeft UIInterfaceOrientationLandscapeRight";
				IPHONEOS_DEPLOYMENT_TARGET = 16.4;
				LD_RUNPATH_SEARCH_PATHS = (
					"$(inherited)",
					"@executable_path/Frameworks",
				);
				MARKETING_VERSION = 1.0;
				PRODUCT_BUNDLE_IDENTIFIER = "com.salah.12488.The-XY-Designer";
				PRODUCT_NAME = "$(TARGET_NAME)";
				SWIFT_EMIT_LOC_STRINGS = YES;
				SWIFT_VERSION = 5.0;
				TARGETED_DEVICE_FAMILY = "1,2";
			};
			name = Release;
		};
/* End XCBuildConfiguration section */

/* Begin XCConfigurationList section */
		ABD54DC429C49FE3000E7506 /* Build configuration list for PBXProject "The XY Designer" */ = {
			isa = XCConfigurationList;
			buildConfigurations = (
				ABD54DD529C49FE4000E7506 /* Debug */,
				ABD54DD629C49FE4000E7506 /* Release */,
			);
			defaultConfigurationIsVisible = 0;
			defaultConfigurationName = Release;
		};
		ABD54DD729C49FE4000E7506 /* Build configuration list for PBXNativeTarget "The XY Designer" */ = {
			isa = XCConfigurationList;
			buildConfigurations = (
				ABD54DD829C49FE4000E7506 /* Debug */,
				ABD54DD929C49FE4000E7506 /* Release */,
			);
			defaultConfigurationIsVisible = 0;
			defaultConfigurationName = Release;
		};
/* End XCConfigurationList section */

/* Begin XCRemoteSwiftPackageReference section */
		AB8C6F892A1E4CE60025614F /* XCRemoteSwiftPackageReference "SDWebImageSwiftUI" */ = {
			isa = XCRemoteSwiftPackageReference;
			repositoryURL = "https://github.com/SDWebImage/SDWebImageSwiftUI";
			requirement = {
				kind = upToNextMajorVersion;
				minimumVersion = 2.0.0;
			};
		};
		ABB1465329F9C4F300CC9EBD /* XCRemoteSwiftPackageReference "SwiftUIJoystick" */ = {
			isa = XCRemoteSwiftPackageReference;
			repositoryURL = "https://github.com/michael94ellis/SwiftUIJoystick";
			requirement = {
				kind = upToNextMajorVersion;
				minimumVersion = 1.0.0;
			};
		};
		ABD54DE529C4C30C000E7506 /* XCRemoteSwiftPackageReference "firebase-ios-sdk" */ = {
			isa = XCRemoteSwiftPackageReference;
			repositoryURL = "https://github.com/firebase/firebase-ios-sdk";
			requirement = {
				branch = master;
				kind = branch;
			};
		};
		ABD54DEE29C4C439000E7506 /* XCRemoteSwiftPackageReference "GoogleSignIn-iOS" */ = {
			isa = XCRemoteSwiftPackageReference;
			repositoryURL = "https://github.com/google/GoogleSignIn-iOS/";
			requirement = {
				kind = upToNextMajorVersion;
				minimumVersion = 7.0.0;
			};
		};
		ABFC200029E4D54D003827CF /* XCRemoteSwiftPackageReference "ColorKit" */ = {
			isa = XCRemoteSwiftPackageReference;
			repositoryURL = "https://github.com/Boris-Em/ColorKit";
			requirement = {
				branch = master;
				kind = branch;
			};
		};
/* End XCRemoteSwiftPackageReference section */

/* Begin XCSwiftPackageProductDependency section */
		AB8C6F8A2A1E4CE60025614F /* SDWebImageSwiftUI */ = {
			isa = XCSwiftPackageProductDependency;
			package = AB8C6F892A1E4CE60025614F /* XCRemoteSwiftPackageReference "SDWebImageSwiftUI" */;
			productName = SDWebImageSwiftUI;
		};
		ABB1465429F9C4F300CC9EBD /* SwiftUIJoystick */ = {
			isa = XCSwiftPackageProductDependency;
			package = ABB1465329F9C4F300CC9EBD /* XCRemoteSwiftPackageReference "SwiftUIJoystick" */;
			productName = SwiftUIJoystick;
		};
		ABD54DE629C4C30C000E7506 /* FirebaseAuth */ = {
			isa = XCSwiftPackageProductDependency;
			package = ABD54DE529C4C30C000E7506 /* XCRemoteSwiftPackageReference "firebase-ios-sdk" */;
			productName = FirebaseAuth;
		};
		ABD54DE829C4C30C000E7506 /* FirebaseFirestore */ = {
			isa = XCSwiftPackageProductDependency;
			package = ABD54DE529C4C30C000E7506 /* XCRemoteSwiftPackageReference "firebase-ios-sdk" */;
			productName = FirebaseFirestore;
		};
		ABD54DEA29C4C30C000E7506 /* FirebaseFirestoreSwift */ = {
			isa = XCSwiftPackageProductDependency;
			package = ABD54DE529C4C30C000E7506 /* XCRemoteSwiftPackageReference "firebase-ios-sdk" */;
			productName = FirebaseFirestoreSwift;
		};
		ABD54DEC29C4C30C000E7506 /* FirebaseStorage */ = {
			isa = XCSwiftPackageProductDependency;
			package = ABD54DE529C4C30C000E7506 /* XCRemoteSwiftPackageReference "firebase-ios-sdk" */;
			productName = FirebaseStorage;
		};
		ABD54DEF29C4C439000E7506 /* GoogleSignIn */ = {
			isa = XCSwiftPackageProductDependency;
			package = ABD54DEE29C4C439000E7506 /* XCRemoteSwiftPackageReference "GoogleSignIn-iOS" */;
			productName = GoogleSignIn;
		};
		ABD54DF129C4C439000E7506 /* GoogleSignInSwift */ = {
			isa = XCSwiftPackageProductDependency;
			package = ABD54DEE29C4C439000E7506 /* XCRemoteSwiftPackageReference "GoogleSignIn-iOS" */;
			productName = GoogleSignInSwift;
		};
		ABFC200129E4D54D003827CF /* ColorKit */ = {
			isa = XCSwiftPackageProductDependency;
			package = ABFC200029E4D54D003827CF /* XCRemoteSwiftPackageReference "ColorKit" */;
			productName = ColorKit;
		};
/* End XCSwiftPackageProductDependency section */
	};
	rootObject = ABD54DC129C49FE3000E7506 /* Project object */;
}
